// !$*UTF8*$!
{
	archiveVersion = 1;
	classes = {
	};
	objectVersion = 46;
	objects = {

/* Begin PBXBuildFile section */
		551AA5D51F3187CC00AEC419 /* NShape.m in Sources */ = {isa = PBXBuildFile; fileRef = 551AA5D41F3187CC00AEC419 /* NShape.m */; };
		551C8FAD19DE76E800F51101 /* ioapi.c in Sources */ = {isa = PBXBuildFile; fileRef = 551C8FA519DE76E800F51101 /* ioapi.c */; };
		551C8FB019DE76E800F51101 /* mztools.c in Sources */ = {isa = PBXBuildFile; fileRef = 551C8FA719DE76E800F51101 /* mztools.c */; };
		551C8FB319DE76E800F51101 /* unzip.c in Sources */ = {isa = PBXBuildFile; fileRef = 551C8FA919DE76E800F51101 /* unzip.c */; };
		551C8FB619DE76E800F51101 /* zip.c in Sources */ = {isa = PBXBuildFile; fileRef = 551C8FAB19DE76E800F51101 /* zip.c */; };
		551C8FBB19DE76F300F51101 /* SSZipArchive.m in Sources */ = {isa = PBXBuildFile; fileRef = 551C8FBA19DE76F300F51101 /* SSZipArchive.m */; };
		551C8FC019DE774900F51101 /* libz.dylib in Frameworks */ = {isa = PBXBuildFile; fileRef = 551C8FBE19DE770E00F51101 /* libz.dylib */; };
		554AFB6A16F6E881001C5CBB /* 00_title2x.png in Resources */ = {isa = PBXBuildFile; fileRef = 554AFB6816F6E881001C5CBB /* 00_title2x.png */; };
		554AFB6B16F6E881001C5CBB /* 00_title2x@2x.png in Resources */ = {isa = PBXBuildFile; fileRef = 554AFB6916F6E881001C5CBB /* 00_title2x@2x.png */; };
		554AFB7016F6E8AF001C5CBB /* bg_line2.png in Resources */ = {isa = PBXBuildFile; fileRef = 554AFB6C16F6E8AF001C5CBB /* bg_line2.png */; };
		554AFB7116F6E8AF001C5CBB /* bg_line2@2x.png in Resources */ = {isa = PBXBuildFile; fileRef = 554AFB6D16F6E8AF001C5CBB /* bg_line2@2x.png */; };
		554AFB7216F6E8AF001C5CBB /* bg_line3.png in Resources */ = {isa = PBXBuildFile; fileRef = 554AFB6E16F6E8AF001C5CBB /* bg_line3.png */; };
		554AFB7316F6E8AF001C5CBB /* bg_line3@2x.png in Resources */ = {isa = PBXBuildFile; fileRef = 554AFB6F16F6E8AF001C5CBB /* bg_line3@2x.png */; };
		554AFB8016F6E8CD001C5CBB /* btn_back.png in Resources */ = {isa = PBXBuildFile; fileRef = 554AFB7416F6E8CD001C5CBB /* btn_back.png */; };
		554AFB8116F6E8CD001C5CBB /* btn_back@2x.png in Resources */ = {isa = PBXBuildFile; fileRef = 554AFB7516F6E8CD001C5CBB /* btn_back@2x.png */; };
		554AFB8216F6E8CD001C5CBB /* btn_down.png in Resources */ = {isa = PBXBuildFile; fileRef = 554AFB7616F6E8CD001C5CBB /* btn_down.png */; };
		554AFB8316F6E8CD001C5CBB /* btn_down@2x.png in Resources */ = {isa = PBXBuildFile; fileRef = 554AFB7716F6E8CD001C5CBB /* btn_down@2x.png */; };
		554AFB8416F6E8CD001C5CBB /* btn_light_select.png in Resources */ = {isa = PBXBuildFile; fileRef = 554AFB7816F6E8CD001C5CBB /* btn_light_select.png */; };
		554AFB8516F6E8CD001C5CBB /* btn_light_select@2x.png in Resources */ = {isa = PBXBuildFile; fileRef = 554AFB7916F6E8CD001C5CBB /* btn_light_select@2x.png */; };
		554AFB8616F6E8CD001C5CBB /* btn_pause.png in Resources */ = {isa = PBXBuildFile; fileRef = 554AFB7A16F6E8CD001C5CBB /* btn_pause.png */; };
		554AFB8716F6E8CD001C5CBB /* btn_pause@2x.png in Resources */ = {isa = PBXBuildFile; fileRef = 554AFB7B16F6E8CD001C5CBB /* btn_pause@2x.png */; };
		554AFB8816F6E8CD001C5CBB /* btn_play.png in Resources */ = {isa = PBXBuildFile; fileRef = 554AFB7C16F6E8CD001C5CBB /* btn_play.png */; };
		554AFB8916F6E8CD001C5CBB /* btn_play@2x.png in Resources */ = {isa = PBXBuildFile; fileRef = 554AFB7D16F6E8CD001C5CBB /* btn_play@2x.png */; };
		554AFB8A16F6E8CD001C5CBB /* btn_up.png in Resources */ = {isa = PBXBuildFile; fileRef = 554AFB7E16F6E8CD001C5CBB /* btn_up.png */; };
		554AFB8B16F6E8CD001C5CBB /* btn_up@2x.png in Resources */ = {isa = PBXBuildFile; fileRef = 554AFB7F16F6E8CD001C5CBB /* btn_up@2x.png */; };
		554AFB9216F6EA20001C5CBB /* icon_clock.png in Resources */ = {isa = PBXBuildFile; fileRef = 554AFB8C16F6EA20001C5CBB /* icon_clock.png */; };
		554AFB9316F6EA20001C5CBB /* icon_clock@2x.png in Resources */ = {isa = PBXBuildFile; fileRef = 554AFB8D16F6EA20001C5CBB /* icon_clock@2x.png */; };
		554AFB9416F6EA20001C5CBB /* icon_light.png in Resources */ = {isa = PBXBuildFile; fileRef = 554AFB8E16F6EA20001C5CBB /* icon_light.png */; };
		554AFB9516F6EA20001C5CBB /* icon_light@2x.png in Resources */ = {isa = PBXBuildFile; fileRef = 554AFB8F16F6EA20001C5CBB /* icon_light@2x.png */; };
		554AFB9616F6EA20001C5CBB /* icon_view.png in Resources */ = {isa = PBXBuildFile; fileRef = 554AFB9016F6EA20001C5CBB /* icon_view.png */; };
		554AFB9716F6EA20001C5CBB /* icon_view@2x.png in Resources */ = {isa = PBXBuildFile; fileRef = 554AFB9116F6EA20001C5CBB /* icon_view@2x.png */; };
		554AFBA216F702C0001C5CBB /* box_number.png in Resources */ = {isa = PBXBuildFile; fileRef = 554AFB9816F702BF001C5CBB /* box_number.png */; };
		554AFBA316F702C0001C5CBB /* box_number@2x.png in Resources */ = {isa = PBXBuildFile; fileRef = 554AFB9916F702BF001C5CBB /* box_number@2x.png */; };
		554AFBA416F702C0001C5CBB /* btn_confirm.png in Resources */ = {isa = PBXBuildFile; fileRef = 554AFB9A16F702BF001C5CBB /* btn_confirm.png */; };
		554AFBA516F702C0001C5CBB /* btn_confirm@2x.png in Resources */ = {isa = PBXBuildFile; fileRef = 554AFB9B16F702BF001C5CBB /* btn_confirm@2x.png */; };
		554AFBA616F702C0001C5CBB /* btn_list.png in Resources */ = {isa = PBXBuildFile; fileRef = 554AFB9C16F702BF001C5CBB /* btn_list.png */; };
		554AFBA716F702C0001C5CBB /* btn_list@2x.png in Resources */ = {isa = PBXBuildFile; fileRef = 554AFB9D16F702BF001C5CBB /* btn_list@2x.png */; };
		554AFBA816F702C0001C5CBB /* menu_bg.png in Resources */ = {isa = PBXBuildFile; fileRef = 554AFB9E16F702BF001C5CBB /* menu_bg.png */; };
		554AFBA916F702C0001C5CBB /* menu_bg@2x.png in Resources */ = {isa = PBXBuildFile; fileRef = 554AFB9F16F702BF001C5CBB /* menu_bg@2x.png */; };
		554AFBAA16F702C0001C5CBB /* separator.png in Resources */ = {isa = PBXBuildFile; fileRef = 554AFBA016F702BF001C5CBB /* separator.png */; };
		554AFBAB16F702C0001C5CBB /* separator@2x.png in Resources */ = {isa = PBXBuildFile; fileRef = 554AFBA116F702BF001C5CBB /* separator@2x.png */; };
		554D7DE116AE559600563926 /* dsd_horizon_line.png in Resources */ = {isa = PBXBuildFile; fileRef = 554D7DDF16AE559600563926 /* dsd_horizon_line.png */; };
		554D7DE216AE559600563926 /* dsd_horizon_line@2x.png in Resources */ = {isa = PBXBuildFile; fileRef = 554D7DE016AE559600563926 /* dsd_horizon_line@2x.png */; };
		554D7DFA16AEA3F500563926 /* QuartzCore.framework in Frameworks */ = {isa = PBXBuildFile; fileRef = 554D7DF916AEA3F500563926 /* QuartzCore.framework */; };
		5558B771179E9AE500E2E393 /* box_4col_value.png in Resources */ = {isa = PBXBuildFile; fileRef = 5558B763179E9AE100E2E393 /* box_4col_value.png */; };
		5558B772179E9AE500E2E393 /* btn_down2.png in Resources */ = {isa = PBXBuildFile; fileRef = 5558B764179E9AE100E2E393 /* btn_down2.png */; };
		5558B773179E9AE500E2E393 /* btn_option.png in Resources */ = {isa = PBXBuildFile; fileRef = 5558B765179E9AE100E2E393 /* btn_option.png */; };
		5558B774179E9AE500E2E393 /* btn_save.png in Resources */ = {isa = PBXBuildFile; fileRef = 5558B766179E9AE200E2E393 /* btn_save.png */; };
		5558B775179E9AE500E2E393 /* btn_up2.png in Resources */ = {isa = PBXBuildFile; fileRef = 5558B767179E9AE200E2E393 /* btn_up2.png */; };
		5558B776179E9AE500E2E393 /* btn_value_menu.png in Resources */ = {isa = PBXBuildFile; fileRef = 5558B768179E9AE200E2E393 /* btn_value_menu.png */; };
		5558B777179E9AE500E2E393 /* box_value_input.png in Resources */ = {isa = PBXBuildFile; fileRef = 5558B769179E9AE200E2E393 /* box_value_input.png */; };
		5558B778179E9AE500E2E393 /* btn_save@2x.png in Resources */ = {isa = PBXBuildFile; fileRef = 5558B76A179E9AE200E2E393 /* btn_save@2x.png */; };
		5558B779179E9AE500E2E393 /* box_value_input@2x.png in Resources */ = {isa = PBXBuildFile; fileRef = 5558B76B179E9AE300E2E393 /* box_value_input@2x.png */; };
		5558B77A179E9AE500E2E393 /* btn_down2@2x.png in Resources */ = {isa = PBXBuildFile; fileRef = 5558B76C179E9AE300E2E393 /* btn_down2@2x.png */; };
		5558B77B179E9AE500E2E393 /* btn_up2@2x.png in Resources */ = {isa = PBXBuildFile; fileRef = 5558B76D179E9AE300E2E393 /* btn_up2@2x.png */; };
		5558B77C179E9AE500E2E393 /* btn_option@2x.png in Resources */ = {isa = PBXBuildFile; fileRef = 5558B76E179E9AE400E2E393 /* btn_option@2x.png */; };
		5558B77D179E9AE500E2E393 /* box_4col_value@2x.png in Resources */ = {isa = PBXBuildFile; fileRef = 5558B76F179E9AE400E2E393 /* box_4col_value@2x.png */; };
		5558B77E179E9AE500E2E393 /* btn_value_menu@2x.png in Resources */ = {isa = PBXBuildFile; fileRef = 5558B770179E9AE500E2E393 /* btn_value_menu@2x.png */; };
		5578A3DC1C7307BA00D61096 /* TriangleView.m in Sources */ = {isa = PBXBuildFile; fileRef = 5578A3DB1C7307BA00D61096 /* TriangleView.m */; };
		5586338F19C817A700999756 /* sly_demo3.csv in Resources */ = {isa = PBXBuildFile; fileRef = 5586338E19C817A700999756 /* sly_demo3.csv */; };
		558EF01516A942F1000ECFAA /* UIKit.framework in Frameworks */ = {isa = PBXBuildFile; fileRef = 558EF01416A942F1000ECFAA /* UIKit.framework */; };
		558EF01716A942F1000ECFAA /* Foundation.framework in Frameworks */ = {isa = PBXBuildFile; fileRef = 558EF01616A942F1000ECFAA /* Foundation.framework */; };
		558EF01916A942F1000ECFAA /* CoreGraphics.framework in Frameworks */ = {isa = PBXBuildFile; fileRef = 558EF01816A942F1000ECFAA /* CoreGraphics.framework */; };
		558EF01F16A942F1000ECFAA /* InfoPlist.strings in Resources */ = {isa = PBXBuildFile; fileRef = 558EF01D16A942F1000ECFAA /* InfoPlist.strings */; };
		558EF02116A942F1000ECFAA /* main.m in Sources */ = {isa = PBXBuildFile; fileRef = 558EF02016A942F1000ECFAA /* main.m */; };
		558EF02516A942F1000ECFAA /* AppDelegate.m in Sources */ = {isa = PBXBuildFile; fileRef = 558EF02416A942F1000ECFAA /* AppDelegate.m */; };
		558EF02716A942F1000ECFAA /* Default.png in Resources */ = {isa = PBXBuildFile; fileRef = 558EF02616A942F1000ECFAA /* Default.png */; };
		558EF02916A942F1000ECFAA /* Default@2x.png in Resources */ = {isa = PBXBuildFile; fileRef = 558EF02816A942F1000ECFAA /* Default@2x.png */; };
		558EF02B16A942F1000ECFAA /* Default-568h@2x.png in Resources */ = {isa = PBXBuildFile; fileRef = 558EF02A16A942F1000ECFAA /* Default-568h@2x.png */; };
		558EF02E16A942F1000ECFAA /* MainStoryboard.storyboard in Resources */ = {isa = PBXBuildFile; fileRef = 558EF02C16A942F1000ECFAA /* MainStoryboard.storyboard */; };
		558EF03116A942F2000ECFAA /* ViewController.m in Sources */ = {isa = PBXBuildFile; fileRef = 558EF03016A942F2000ECFAA /* ViewController.m */; };
		558EF04016A94A8B000ECFAA /* Constant.m in Sources */ = {isa = PBXBuildFile; fileRef = 558EF03F16A94A8B000ECFAA /* Constant.m */; };
		559D4C7019A3563B0072DF93 /* Tempo.m in Sources */ = {isa = PBXBuildFile; fileRef = 559D4C6F19A3563B0072DF93 /* Tempo.m */; };
		55A2EC511F18AA1C00484924 /* f_clef.png in Resources */ = {isa = PBXBuildFile; fileRef = 55A2EC4F1F18AA1C00484924 /* f_clef.png */; };
		55A2EC521F18AA1C00484924 /* g_clef.png in Resources */ = {isa = PBXBuildFile; fileRef = 55A2EC501F18AA1C00484924 /* g_clef.png */; };
		55A967EE16F1AB9600772054 /* dsd_vertical_line.png in Resources */ = {isa = PBXBuildFile; fileRef = 55A967EC16F1AB9600772054 /* dsd_vertical_line.png */; };
		55A967EF16F1AB9600772054 /* dsd_vertical_line@2x.png in Resources */ = {isa = PBXBuildFile; fileRef = 55A967ED16F1AB9600772054 /* dsd_vertical_line@2x.png */; };
		55AE4FE716E9B2C5007D3C2F /* lower_triangle.png in Resources */ = {isa = PBXBuildFile; fileRef = 55AE4FE316E9B2C5007D3C2F /* lower_triangle.png */; };
		55AE4FE816E9B2C5007D3C2F /* lower_triangle@2x.png in Resources */ = {isa = PBXBuildFile; fileRef = 55AE4FE416E9B2C5007D3C2F /* lower_triangle@2x.png */; };
		55AE4FE916E9B2C5007D3C2F /* upper_triangle.png in Resources */ = {isa = PBXBuildFile; fileRef = 55AE4FE516E9B2C5007D3C2F /* upper_triangle.png */; };
		55AE4FEA16E9B2C5007D3C2F /* upper_triangle@2x.png in Resources */ = {isa = PBXBuildFile; fileRef = 55AE4FE616E9B2C5007D3C2F /* upper_triangle@2x.png */; };
		55B7EEF2187138AD00FDA3C4 /* UIView+Roundify.m in Sources */ = {isa = PBXBuildFile; fileRef = 55B7EEF1187138AD00FDA3C4 /* UIView+Roundify.m */; };
		55CF61881982305700444992 /* ModeSelectionViewController.m in Sources */ = {isa = PBXBuildFile; fileRef = 55CF61871982305700444992 /* ModeSelectionViewController.m */; };
		55D6DA5319B60D8200BDD855 /* med_violin.csv in Resources */ = {isa = PBXBuildFile; fileRef = 55D6DA5219B60D8200BDD855 /* med_violin.csv */; };
		55D6DA5719B60DDF00BDD855 /* med_piano.csv in Resources */ = {isa = PBXBuildFile; fileRef = 55D6DA5619B60DDF00BDD855 /* med_piano.csv */; };
		55D9953218562CEC00D85514 /* CSVParser.m in Sources */ = {isa = PBXBuildFile; fileRef = 55D9953118562CEC00D85514 /* CSVParser.m */; settings = {COMPILER_FLAGS = "-fno-objc-arc"; }; };
		55EC41E31B8F132C00274E39 /* NSData+JSON.m in Sources */ = {isa = PBXBuildFile; fileRef = 55EC41E21B8F132C00274E39 /* NSData+JSON.m */; };
		55F64EB4191A018E00171E16 /* DottedLine.m in Sources */ = {isa = PBXBuildFile; fileRef = 55F64EB3191A018E00171E16 /* DottedLine.m */; };
		55FA4CD91C33B20900B4465B /* Storyboard_Pro.storyboard in Resources */ = {isa = PBXBuildFile; fileRef = 55FA4CD81C33B20900B4465B /* Storyboard_Pro.storyboard */; };
		CC05523F42479E725FCFD95D /* libPods-DSDDemo.a in Frameworks */ = {isa = PBXBuildFile; fileRef = 2A5E3EBB8955B17CE5ABA263 /* libPods-DSDDemo.a */; };
		DD4E98BB21DB4D9F00CDF4BF /* expression.csv in Resources */ = {isa = PBXBuildFile; fileRef = DD4E98BA21DB4D9E00CDF4BF /* expression.csv */; };
		DD6093EF21CE02F800C602C6 /* DSDPlayTopBar.m in Sources */ = {isa = PBXBuildFile; fileRef = DD6093EE21CE02F800C602C6 /* DSDPlayTopBar.m */; };
		DD6093F321CE032B00C602C6 /* DSDPlayTopBar.xib in Resources */ = {isa = PBXBuildFile; fileRef = DD6093F221CE032B00C602C6 /* DSDPlayTopBar.xib */; };
		DD6093F521CE064600C602C6 /* Assets.xcassets in Resources */ = {isa = PBXBuildFile; fileRef = DD6093F421CE064500C602C6 /* Assets.xcassets */; };
		DD6093F821CE3A3900C602C6 /* DSDPlayPopover.m in Sources */ = {isa = PBXBuildFile; fileRef = DD6093F721CE3A3900C602C6 /* DSDPlayPopover.m */; };
		DD6093FA21CE3A4600C602C6 /* DSDPlayPopover.xib in Resources */ = {isa = PBXBuildFile; fileRef = DD6093F921CE3A4600C602C6 /* DSDPlayPopover.xib */; };
		DD83F16B21D9BEBA00490E22 /* 问题反馈.rtf in Resources */ = {isa = PBXBuildFile; fileRef = DD83F16A21D9BEB900490E22 /* 问题反馈.rtf */; };
		DDAA818A21C6093B00AE95C9 /* DSDShaderModel.m in Sources */ = {isa = PBXBuildFile; fileRef = DDAA818921C6093B00AE95C9 /* DSDShaderModel.m */; };
		DDAA818E21C6115B00AE95C9 /* DSDPlayManager.m in Sources */ = {isa = PBXBuildFile; fileRef = DDAA818D21C6115B00AE95C9 /* DSDPlayManager.m */; };
		DDAA819321C62CD300AE95C9 /* WZBCountDownButton.m in Sources */ = {isa = PBXBuildFile; fileRef = DDAA819121C62CD300AE95C9 /* WZBCountDownButton.m */; };
		DDAA819A21C697E900AE95C9 /* DSDCSVModel.m in Sources */ = {isa = PBXBuildFile; fileRef = DDAA819921C697E900AE95C9 /* DSDCSVModel.m */; };
		DDAA819E21C6984B00AE95C9 /* DSDDisplayModel.m in Sources */ = {isa = PBXBuildFile; fileRef = DDAA819D21C6984B00AE95C9 /* DSDDisplayModel.m */; };
		DDCF583321D11566001B45D0 /* DSDLeftMusicCell.m in Sources */ = {isa = PBXBuildFile; fileRef = DDCF583221D11566001B45D0 /* DSDLeftMusicCell.m */; };
		DDCF583721D11609001B45D0 /* DSDLeftMusicModel.m in Sources */ = {isa = PBXBuildFile; fileRef = DDCF583621D11609001B45D0 /* DSDLeftMusicModel.m */; };
		DDCF583A21D116DD001B45D0 /* DSDLeftMusicFooter.m in Sources */ = {isa = PBXBuildFile; fileRef = DDCF583921D116DD001B45D0 /* DSDLeftMusicFooter.m */; };
		DDCF583D21D1197D001B45D0 /* DSDLeftMusicSectionModel.m in Sources */ = {isa = PBXBuildFile; fileRef = DDCF583C21D1197D001B45D0 /* DSDLeftMusicSectionModel.m */; };
		DDCF584021D11B3C001B45D0 /* DSDLeftMusicHeader.m in Sources */ = {isa = PBXBuildFile; fileRef = DDCF583F21D11B3C001B45D0 /* DSDLeftMusicHeader.m */; };
		DDCF584421D12D78001B45D0 /* DSDRightMusicNormalCell.m in Sources */ = {isa = PBXBuildFile; fileRef = DDCF584321D12D78001B45D0 /* DSDRightMusicNormalCell.m */; };
		DDCF584821D13471001B45D0 /* DSDLeftUserCell.m in Sources */ = {isa = PBXBuildFile; fileRef = DDCF584721D13471001B45D0 /* DSDLeftUserCell.m */; };
		DDCF584C21D134E8001B45D0 /* DSDLeftUserModel.m in Sources */ = {isa = PBXBuildFile; fileRef = DDCF584B21D134E8001B45D0 /* DSDLeftUserModel.m */; };
		DDFA7A0A21D0B97500DB64EE /* Main.storyboard in Resources */ = {isa = PBXBuildFile; fileRef = DDFA7A0921D0B97500DB64EE /* Main.storyboard */; };
		DDFA7A0E21D0D2FB00DB64EE /* DSDMainController.m in Sources */ = {isa = PBXBuildFile; fileRef = DDFA7A0D21D0D2FB00DB64EE /* DSDMainController.m */; };
		DDFA7A1B21D0DCA400DB64EE /* DSDLeftMusicVC.m in Sources */ = {isa = PBXBuildFile; fileRef = DDFA7A1A21D0DCA400DB64EE /* DSDLeftMusicVC.m */; };
		DDFA7A1E21D0DCB700DB64EE /* DSDLeftUserVC.m in Sources */ = {isa = PBXBuildFile; fileRef = DDFA7A1D21D0DCB700DB64EE /* DSDLeftUserVC.m */; };
		DDFA7A2121D0DCD100DB64EE /* DSDRightLoginVC.m in Sources */ = {isa = PBXBuildFile; fileRef = DDFA7A2021D0DCD100DB64EE /* DSDRightLoginVC.m */; };
		DDFA7A2421D0DCEC00DB64EE /* DSDRightBuyRecordVC.m in Sources */ = {isa = PBXBuildFile; fileRef = DDFA7A2321D0DCEC00DB64EE /* DSDRightBuyRecordVC.m */; };
		DDFA7A2721D0DD0C00DB64EE /* DSDRightSettingVC.m in Sources */ = {isa = PBXBuildFile; fileRef = DDFA7A2621D0DD0C00DB64EE /* DSDRightSettingVC.m */; };
		DDFA7A2A21D0DD3500DB64EE /* DSDRightRecmmendVC.m in Sources */ = {isa = PBXBuildFile; fileRef = DDFA7A2921D0DD3500DB64EE /* DSDRightRecmmendVC.m */; };
		DDFA7A2D21D0DD4B00DB64EE /* DSDRightFeedbackVC.m in Sources */ = {isa = PBXBuildFile; fileRef = DDFA7A2C21D0DD4B00DB64EE /* DSDRightFeedbackVC.m */; };
		DDFA7A3721D0DE7200DB64EE /* DSDRightMusicVC.m in Sources */ = {isa = PBXBuildFile; fileRef = DDFA7A3621D0DE7200DB64EE /* DSDRightMusicVC.m */; };
/* End PBXBuildFile section */

/* Begin PBXFileReference section */
		2A5E3EBB8955B17CE5ABA263 /* libPods-DSDDemo.a */ = {isa = PBXFileReference; explicitFileType = archive.ar; includeInIndex = 0; path = "libPods-DSDDemo.a"; sourceTree = BUILT_PRODUCTS_DIR; };
		551AA5D31F3187CC00AEC419 /* NShape.h */ = {isa = PBXFileReference; fileEncoding = 4; lastKnownFileType = sourcecode.c.h; path = NShape.h; sourceTree = "<group>"; };
		551AA5D41F3187CC00AEC419 /* NShape.m */ = {isa = PBXFileReference; fileEncoding = 4; lastKnownFileType = sourcecode.c.objc; path = NShape.m; sourceTree = "<group>"; };
		551C8FA419DE76E800F51101 /* crypt.h */ = {isa = PBXFileReference; fileEncoding = 4; lastKnownFileType = sourcecode.c.h; path = crypt.h; sourceTree = "<group>"; };
		551C8FA519DE76E800F51101 /* ioapi.c */ = {isa = PBXFileReference; fileEncoding = 4; lastKnownFileType = sourcecode.c.c; path = ioapi.c; sourceTree = "<group>"; };
		551C8FA619DE76E800F51101 /* ioapi.h */ = {isa = PBXFileReference; fileEncoding = 4; lastKnownFileType = sourcecode.c.h; path = ioapi.h; sourceTree = "<group>"; };
		551C8FA719DE76E800F51101 /* mztools.c */ = {isa = PBXFileReference; fileEncoding = 4; lastKnownFileType = sourcecode.c.c; path = mztools.c; sourceTree = "<group>"; };
		551C8FA819DE76E800F51101 /* mztools.h */ = {isa = PBXFileReference; fileEncoding = 4; lastKnownFileType = sourcecode.c.h; path = mztools.h; sourceTree = "<group>"; };
		551C8FA919DE76E800F51101 /* unzip.c */ = {isa = PBXFileReference; fileEncoding = 4; lastKnownFileType = sourcecode.c.c; path = unzip.c; sourceTree = "<group>"; };
		551C8FAA19DE76E800F51101 /* unzip.h */ = {isa = PBXFileReference; fileEncoding = 4; lastKnownFileType = sourcecode.c.h; path = unzip.h; sourceTree = "<group>"; };
		551C8FAB19DE76E800F51101 /* zip.c */ = {isa = PBXFileReference; fileEncoding = 4; lastKnownFileType = sourcecode.c.c; path = zip.c; sourceTree = "<group>"; };
		551C8FAC19DE76E800F51101 /* zip.h */ = {isa = PBXFileReference; fileEncoding = 4; lastKnownFileType = sourcecode.c.h; path = zip.h; sourceTree = "<group>"; };
		551C8FB919DE76F300F51101 /* SSZipArchive.h */ = {isa = PBXFileReference; fileEncoding = 4; lastKnownFileType = sourcecode.c.h; path = SSZipArchive.h; sourceTree = "<group>"; };
		551C8FBA19DE76F300F51101 /* SSZipArchive.m */ = {isa = PBXFileReference; fileEncoding = 4; lastKnownFileType = sourcecode.c.objc; path = SSZipArchive.m; sourceTree = "<group>"; };
		551C8FBE19DE770E00F51101 /* libz.dylib */ = {isa = PBXFileReference; lastKnownFileType = "compiled.mach-o.dylib"; name = libz.dylib; path = usr/lib/libz.dylib; sourceTree = SDKROOT; };
		554AFB6816F6E881001C5CBB /* 00_title2x.png */ = {isa = PBXFileReference; lastKnownFileType = image.png; path = 00_title2x.png; sourceTree = "<group>"; };
		554AFB6916F6E881001C5CBB /* 00_title2x@2x.png */ = {isa = PBXFileReference; lastKnownFileType = image.png; path = "00_title2x@2x.png"; sourceTree = "<group>"; };
		554AFB6C16F6E8AF001C5CBB /* bg_line2.png */ = {isa = PBXFileReference; lastKnownFileType = image.png; path = bg_line2.png; sourceTree = "<group>"; };
		554AFB6D16F6E8AF001C5CBB /* bg_line2@2x.png */ = {isa = PBXFileReference; lastKnownFileType = image.png; path = "bg_line2@2x.png"; sourceTree = "<group>"; };
		554AFB6E16F6E8AF001C5CBB /* bg_line3.png */ = {isa = PBXFileReference; lastKnownFileType = image.png; path = bg_line3.png; sourceTree = "<group>"; };
		554AFB6F16F6E8AF001C5CBB /* bg_line3@2x.png */ = {isa = PBXFileReference; lastKnownFileType = image.png; path = "bg_line3@2x.png"; sourceTree = "<group>"; };
		554AFB7416F6E8CD001C5CBB /* btn_back.png */ = {isa = PBXFileReference; lastKnownFileType = image.png; path = btn_back.png; sourceTree = "<group>"; };
		554AFB7516F6E8CD001C5CBB /* btn_back@2x.png */ = {isa = PBXFileReference; lastKnownFileType = image.png; path = "btn_back@2x.png"; sourceTree = "<group>"; };
		554AFB7616F6E8CD001C5CBB /* btn_down.png */ = {isa = PBXFileReference; lastKnownFileType = image.png; path = btn_down.png; sourceTree = "<group>"; };
		554AFB7716F6E8CD001C5CBB /* btn_down@2x.png */ = {isa = PBXFileReference; lastKnownFileType = image.png; path = "btn_down@2x.png"; sourceTree = "<group>"; };
		554AFB7816F6E8CD001C5CBB /* btn_light_select.png */ = {isa = PBXFileReference; lastKnownFileType = image.png; path = btn_light_select.png; sourceTree = "<group>"; };
		554AFB7916F6E8CD001C5CBB /* btn_light_select@2x.png */ = {isa = PBXFileReference; lastKnownFileType = image.png; path = "btn_light_select@2x.png"; sourceTree = "<group>"; };
		554AFB7A16F6E8CD001C5CBB /* btn_pause.png */ = {isa = PBXFileReference; lastKnownFileType = image.png; path = btn_pause.png; sourceTree = "<group>"; };
		554AFB7B16F6E8CD001C5CBB /* btn_pause@2x.png */ = {isa = PBXFileReference; lastKnownFileType = image.png; path = "btn_pause@2x.png"; sourceTree = "<group>"; };
		554AFB7C16F6E8CD001C5CBB /* btn_play.png */ = {isa = PBXFileReference; lastKnownFileType = image.png; path = btn_play.png; sourceTree = "<group>"; };
		554AFB7D16F6E8CD001C5CBB /* btn_play@2x.png */ = {isa = PBXFileReference; lastKnownFileType = image.png; path = "btn_play@2x.png"; sourceTree = "<group>"; };
		554AFB7E16F6E8CD001C5CBB /* btn_up.png */ = {isa = PBXFileReference; lastKnownFileType = image.png; path = btn_up.png; sourceTree = "<group>"; };
		554AFB7F16F6E8CD001C5CBB /* btn_up@2x.png */ = {isa = PBXFileReference; lastKnownFileType = image.png; path = "btn_up@2x.png"; sourceTree = "<group>"; };
		554AFB8C16F6EA20001C5CBB /* icon_clock.png */ = {isa = PBXFileReference; lastKnownFileType = image.png; path = icon_clock.png; sourceTree = "<group>"; };
		554AFB8D16F6EA20001C5CBB /* icon_clock@2x.png */ = {isa = PBXFileReference; lastKnownFileType = image.png; path = "icon_clock@2x.png"; sourceTree = "<group>"; };
		554AFB8E16F6EA20001C5CBB /* icon_light.png */ = {isa = PBXFileReference; lastKnownFileType = image.png; path = icon_light.png; sourceTree = "<group>"; };
		554AFB8F16F6EA20001C5CBB /* icon_light@2x.png */ = {isa = PBXFileReference; lastKnownFileType = image.png; path = "icon_light@2x.png"; sourceTree = "<group>"; };
		554AFB9016F6EA20001C5CBB /* icon_view.png */ = {isa = PBXFileReference; lastKnownFileType = image.png; path = icon_view.png; sourceTree = "<group>"; };
		554AFB9116F6EA20001C5CBB /* icon_view@2x.png */ = {isa = PBXFileReference; lastKnownFileType = image.png; path = "icon_view@2x.png"; sourceTree = "<group>"; };
		554AFB9816F702BF001C5CBB /* box_number.png */ = {isa = PBXFileReference; lastKnownFileType = image.png; path = box_number.png; sourceTree = "<group>"; };
		554AFB9916F702BF001C5CBB /* box_number@2x.png */ = {isa = PBXFileReference; lastKnownFileType = image.png; path = "box_number@2x.png"; sourceTree = "<group>"; };
		554AFB9A16F702BF001C5CBB /* btn_confirm.png */ = {isa = PBXFileReference; lastKnownFileType = image.png; path = btn_confirm.png; sourceTree = "<group>"; };
		554AFB9B16F702BF001C5CBB /* btn_confirm@2x.png */ = {isa = PBXFileReference; lastKnownFileType = image.png; path = "btn_confirm@2x.png"; sourceTree = "<group>"; };
		554AFB9C16F702BF001C5CBB /* btn_list.png */ = {isa = PBXFileReference; lastKnownFileType = image.png; path = btn_list.png; sourceTree = "<group>"; };
		554AFB9D16F702BF001C5CBB /* btn_list@2x.png */ = {isa = PBXFileReference; lastKnownFileType = image.png; path = "btn_list@2x.png"; sourceTree = "<group>"; };
		554AFB9E16F702BF001C5CBB /* menu_bg.png */ = {isa = PBXFileReference; lastKnownFileType = image.png; path = menu_bg.png; sourceTree = "<group>"; };
		554AFB9F16F702BF001C5CBB /* menu_bg@2x.png */ = {isa = PBXFileReference; lastKnownFileType = image.png; path = "menu_bg@2x.png"; sourceTree = "<group>"; };
		554AFBA016F702BF001C5CBB /* separator.png */ = {isa = PBXFileReference; lastKnownFileType = image.png; path = separator.png; sourceTree = "<group>"; };
		554AFBA116F702BF001C5CBB /* separator@2x.png */ = {isa = PBXFileReference; lastKnownFileType = image.png; path = "separator@2x.png"; sourceTree = "<group>"; };
		554D7DDF16AE559600563926 /* dsd_horizon_line.png */ = {isa = PBXFileReference; lastKnownFileType = image.png; path = dsd_horizon_line.png; sourceTree = "<group>"; };
		554D7DE016AE559600563926 /* dsd_horizon_line@2x.png */ = {isa = PBXFileReference; lastKnownFileType = image.png; path = "dsd_horizon_line@2x.png"; sourceTree = "<group>"; };
		554D7DF916AEA3F500563926 /* QuartzCore.framework */ = {isa = PBXFileReference; lastKnownFileType = wrapper.framework; name = QuartzCore.framework; path = System/Library/Frameworks/QuartzCore.framework; sourceTree = SDKROOT; };
		5558B763179E9AE100E2E393 /* box_4col_value.png */ = {isa = PBXFileReference; lastKnownFileType = image.png; path = box_4col_value.png; sourceTree = "<group>"; };
		5558B764179E9AE100E2E393 /* btn_down2.png */ = {isa = PBXFileReference; lastKnownFileType = image.png; path = btn_down2.png; sourceTree = "<group>"; };
		5558B765179E9AE100E2E393 /* btn_option.png */ = {isa = PBXFileReference; lastKnownFileType = image.png; path = btn_option.png; sourceTree = "<group>"; };
		5558B766179E9AE200E2E393 /* btn_save.png */ = {isa = PBXFileReference; lastKnownFileType = image.png; path = btn_save.png; sourceTree = "<group>"; };
		5558B767179E9AE200E2E393 /* btn_up2.png */ = {isa = PBXFileReference; lastKnownFileType = image.png; path = btn_up2.png; sourceTree = "<group>"; };
		5558B768179E9AE200E2E393 /* btn_value_menu.png */ = {isa = PBXFileReference; lastKnownFileType = image.png; path = btn_value_menu.png; sourceTree = "<group>"; };
		5558B769179E9AE200E2E393 /* box_value_input.png */ = {isa = PBXFileReference; lastKnownFileType = image.png; path = box_value_input.png; sourceTree = "<group>"; };
		5558B76A179E9AE200E2E393 /* btn_save@2x.png */ = {isa = PBXFileReference; lastKnownFileType = image.png; path = "btn_save@2x.png"; sourceTree = "<group>"; };
		5558B76B179E9AE300E2E393 /* box_value_input@2x.png */ = {isa = PBXFileReference; lastKnownFileType = image.png; path = "box_value_input@2x.png"; sourceTree = "<group>"; };
		5558B76C179E9AE300E2E393 /* btn_down2@2x.png */ = {isa = PBXFileReference; lastKnownFileType = image.png; path = "btn_down2@2x.png"; sourceTree = "<group>"; };
		5558B76D179E9AE300E2E393 /* btn_up2@2x.png */ = {isa = PBXFileReference; lastKnownFileType = image.png; path = "btn_up2@2x.png"; sourceTree = "<group>"; };
		5558B76E179E9AE400E2E393 /* btn_option@2x.png */ = {isa = PBXFileReference; lastKnownFileType = image.png; path = "btn_option@2x.png"; sourceTree = "<group>"; };
		5558B76F179E9AE400E2E393 /* box_4col_value@2x.png */ = {isa = PBXFileReference; lastKnownFileType = image.png; path = "box_4col_value@2x.png"; sourceTree = "<group>"; };
		5558B770179E9AE500E2E393 /* btn_value_menu@2x.png */ = {isa = PBXFileReference; lastKnownFileType = image.png; path = "btn_value_menu@2x.png"; sourceTree = "<group>"; };
		5578A3DA1C7307BA00D61096 /* TriangleView.h */ = {isa = PBXFileReference; fileEncoding = 4; lastKnownFileType = sourcecode.c.h; path = TriangleView.h; sourceTree = "<group>"; };
		5578A3DB1C7307BA00D61096 /* TriangleView.m */ = {isa = PBXFileReference; fileEncoding = 4; lastKnownFileType = sourcecode.c.objc; path = TriangleView.m; sourceTree = "<group>"; };
		5586338E19C817A700999756 /* sly_demo3.csv */ = {isa = PBXFileReference; fileEncoding = 4; lastKnownFileType = text; path = sly_demo3.csv; sourceTree = "<group>"; };
		558EF01016A942F1000ECFAA /* DSDDemo.app */ = {isa = PBXFileReference; explicitFileType = wrapper.application; includeInIndex = 0; path = DSDDemo.app; sourceTree = BUILT_PRODUCTS_DIR; };
		558EF01416A942F1000ECFAA /* UIKit.framework */ = {isa = PBXFileReference; lastKnownFileType = wrapper.framework; name = UIKit.framework; path = System/Library/Frameworks/UIKit.framework; sourceTree = SDKROOT; };
		558EF01616A942F1000ECFAA /* Foundation.framework */ = {isa = PBXFileReference; lastKnownFileType = wrapper.framework; name = Foundation.framework; path = System/Library/Frameworks/Foundation.framework; sourceTree = SDKROOT; };
		558EF01816A942F1000ECFAA /* CoreGraphics.framework */ = {isa = PBXFileReference; lastKnownFileType = wrapper.framework; name = CoreGraphics.framework; path = System/Library/Frameworks/CoreGraphics.framework; sourceTree = SDKROOT; };
		558EF01C16A942F1000ECFAA /* DSDDemo-Info.plist */ = {isa = PBXFileReference; lastKnownFileType = text.plist.xml; path = "DSDDemo-Info.plist"; sourceTree = "<group>"; };
		558EF01E16A942F1000ECFAA /* en */ = {isa = PBXFileReference; lastKnownFileType = text.plist.strings; name = en; path = en.lproj/InfoPlist.strings; sourceTree = "<group>"; };
		558EF02016A942F1000ECFAA /* main.m */ = {isa = PBXFileReference; lastKnownFileType = sourcecode.c.objc; path = main.m; sourceTree = "<group>"; };
		558EF02216A942F1000ECFAA /* DSDDemo-Prefix.pch */ = {isa = PBXFileReference; lastKnownFileType = sourcecode.c.h; path = "DSDDemo-Prefix.pch"; sourceTree = "<group>"; };
		558EF02316A942F1000ECFAA /* AppDelegate.h */ = {isa = PBXFileReference; lastKnownFileType = sourcecode.c.h; path = AppDelegate.h; sourceTree = "<group>"; };
		558EF02416A942F1000ECFAA /* AppDelegate.m */ = {isa = PBXFileReference; lastKnownFileType = sourcecode.c.objc; path = AppDelegate.m; sourceTree = "<group>"; };
		558EF02616A942F1000ECFAA /* Default.png */ = {isa = PBXFileReference; lastKnownFileType = image.png; path = Default.png; sourceTree = "<group>"; };
		558EF02816A942F1000ECFAA /* Default@2x.png */ = {isa = PBXFileReference; lastKnownFileType = image.png; path = "Default@2x.png"; sourceTree = "<group>"; };
		558EF02A16A942F1000ECFAA /* Default-568h@2x.png */ = {isa = PBXFileReference; lastKnownFileType = image.png; path = "Default-568h@2x.png"; sourceTree = "<group>"; };
		558EF02D16A942F1000ECFAA /* en */ = {isa = PBXFileReference; lastKnownFileType = file.storyboard; name = en; path = en.lproj/MainStoryboard.storyboard; sourceTree = "<group>"; };
		558EF02F16A942F1000ECFAA /* ViewController.h */ = {isa = PBXFileReference; lastKnownFileType = sourcecode.c.h; path = ViewController.h; sourceTree = "<group>"; };
		558EF03016A942F2000ECFAA /* ViewController.m */ = {isa = PBXFileReference; lastKnownFileType = sourcecode.c.objc; path = ViewController.m; sourceTree = "<group>"; };
		558EF03E16A94A8B000ECFAA /* Constant.h */ = {isa = PBXFileReference; fileEncoding = 4; lastKnownFileType = sourcecode.c.h; path = Constant.h; sourceTree = "<group>"; };
		558EF03F16A94A8B000ECFAA /* Constant.m */ = {isa = PBXFileReference; fileEncoding = 4; lastKnownFileType = sourcecode.c.objc; path = Constant.m; sourceTree = "<group>"; };
		559D4C6E19A3563B0072DF93 /* Tempo.h */ = {isa = PBXFileReference; fileEncoding = 4; lastKnownFileType = sourcecode.c.h; path = Tempo.h; sourceTree = "<group>"; };
		559D4C6F19A3563B0072DF93 /* Tempo.m */ = {isa = PBXFileReference; fileEncoding = 4; lastKnownFileType = sourcecode.c.objc; path = Tempo.m; sourceTree = "<group>"; };
		55A2EC4F1F18AA1C00484924 /* f_clef.png */ = {isa = PBXFileReference; lastKnownFileType = image.png; path = f_clef.png; sourceTree = "<group>"; };
		55A2EC501F18AA1C00484924 /* g_clef.png */ = {isa = PBXFileReference; lastKnownFileType = image.png; path = g_clef.png; sourceTree = "<group>"; };
		55A967EC16F1AB9600772054 /* dsd_vertical_line.png */ = {isa = PBXFileReference; lastKnownFileType = image.png; path = dsd_vertical_line.png; sourceTree = "<group>"; };
		55A967ED16F1AB9600772054 /* dsd_vertical_line@2x.png */ = {isa = PBXFileReference; lastKnownFileType = image.png; path = "dsd_vertical_line@2x.png"; sourceTree = "<group>"; };
		55AE4FE316E9B2C5007D3C2F /* lower_triangle.png */ = {isa = PBXFileReference; lastKnownFileType = image.png; path = lower_triangle.png; sourceTree = "<group>"; };
		55AE4FE416E9B2C5007D3C2F /* lower_triangle@2x.png */ = {isa = PBXFileReference; lastKnownFileType = image.png; path = "lower_triangle@2x.png"; sourceTree = "<group>"; };
		55AE4FE516E9B2C5007D3C2F /* upper_triangle.png */ = {isa = PBXFileReference; lastKnownFileType = image.png; path = upper_triangle.png; sourceTree = "<group>"; };
		55AE4FE616E9B2C5007D3C2F /* upper_triangle@2x.png */ = {isa = PBXFileReference; lastKnownFileType = image.png; path = "upper_triangle@2x.png"; sourceTree = "<group>"; };
		55B7EEF0187138A600FDA3C4 /* UIView+Roundify.h */ = {isa = PBXFileReference; fileEncoding = 4; lastKnownFileType = sourcecode.c.h; path = "UIView+Roundify.h"; sourceTree = "<group>"; };
		55B7EEF1187138AD00FDA3C4 /* UIView+Roundify.m */ = {isa = PBXFileReference; fileEncoding = 4; lastKnownFileType = sourcecode.c.objc; path = "UIView+Roundify.m"; sourceTree = "<group>"; };
		55CF61861982305700444992 /* ModeSelectionViewController.h */ = {isa = PBXFileReference; fileEncoding = 4; lastKnownFileType = sourcecode.c.h; path = ModeSelectionViewController.h; sourceTree = "<group>"; };
		55CF61871982305700444992 /* ModeSelectionViewController.m */ = {isa = PBXFileReference; fileEncoding = 4; lastKnownFileType = sourcecode.c.objc; path = ModeSelectionViewController.m; sourceTree = "<group>"; };
		55D6DA5219B60D8200BDD855 /* med_violin.csv */ = {isa = PBXFileReference; fileEncoding = 4; lastKnownFileType = text; path = med_violin.csv; sourceTree = "<group>"; };
		55D6DA5619B60DDF00BDD855 /* med_piano.csv */ = {isa = PBXFileReference; fileEncoding = 4; lastKnownFileType = text; path = med_piano.csv; sourceTree = "<group>"; };
		55D9953018562CEC00D85514 /* CSVParser.h */ = {isa = PBXFileReference; fileEncoding = 4; lastKnownFileType = sourcecode.c.h; path = CSVParser.h; sourceTree = "<group>"; };
		55D9953118562CEC00D85514 /* CSVParser.m */ = {isa = PBXFileReference; fileEncoding = 4; lastKnownFileType = sourcecode.c.objc; path = CSVParser.m; sourceTree = "<group>"; };
		55EC41E11B8F132C00274E39 /* NSData+JSON.h */ = {isa = PBXFileReference; fileEncoding = 4; lastKnownFileType = sourcecode.c.h; path = "NSData+JSON.h"; sourceTree = "<group>"; };
		55EC41E21B8F132C00274E39 /* NSData+JSON.m */ = {isa = PBXFileReference; fileEncoding = 4; lastKnownFileType = sourcecode.c.objc; path = "NSData+JSON.m"; sourceTree = "<group>"; };
		55F64EB2191A018E00171E16 /* DottedLine.h */ = {isa = PBXFileReference; fileEncoding = 4; lastKnownFileType = sourcecode.c.h; path = DottedLine.h; sourceTree = "<group>"; };
		55F64EB3191A018E00171E16 /* DottedLine.m */ = {isa = PBXFileReference; fileEncoding = 4; lastKnownFileType = sourcecode.c.objc; path = DottedLine.m; sourceTree = "<group>"; };
		55FA4CD81C33B20900B4465B /* Storyboard_Pro.storyboard */ = {isa = PBXFileReference; fileEncoding = 4; lastKnownFileType = file.storyboard; path = Storyboard_Pro.storyboard; sourceTree = "<group>"; };
		6A41EC55E8B782CADDF340F3 /* Pods-DSDDemo.release.xcconfig */ = {isa = PBXFileReference; includeInIndex = 1; lastKnownFileType = text.xcconfig; name = "Pods-DSDDemo.release.xcconfig"; path = "Pods/Target Support Files/Pods-DSDDemo/Pods-DSDDemo.release.xcconfig"; sourceTree = "<group>"; };
		BEFC31FA7D829B32CFB336C3 /* Pods-DSDDemo.debug.xcconfig */ = {isa = PBXFileReference; includeInIndex = 1; lastKnownFileType = text.xcconfig; name = "Pods-DSDDemo.debug.xcconfig"; path = "Pods/Target Support Files/Pods-DSDDemo/Pods-DSDDemo.debug.xcconfig"; sourceTree = "<group>"; };
		DD4E98BA21DB4D9E00CDF4BF /* expression.csv */ = {isa = PBXFileReference; fileEncoding = 4; lastKnownFileType = text; path = expression.csv; sourceTree = "<group>"; };
		DD6093ED21CE02F800C602C6 /* DSDPlayTopBar.h */ = {isa = PBXFileReference; lastKnownFileType = sourcecode.c.h; path = DSDPlayTopBar.h; sourceTree = "<group>"; };
		DD6093EE21CE02F800C602C6 /* DSDPlayTopBar.m */ = {isa = PBXFileReference; lastKnownFileType = sourcecode.c.objc; path = DSDPlayTopBar.m; sourceTree = "<group>"; };
		DD6093F221CE032B00C602C6 /* DSDPlayTopBar.xib */ = {isa = PBXFileReference; lastKnownFileType = file.xib; path = DSDPlayTopBar.xib; sourceTree = "<group>"; };
		DD6093F421CE064500C602C6 /* Assets.xcassets */ = {isa = PBXFileReference; lastKnownFileType = folder.assetcatalog; path = Assets.xcassets; sourceTree = "<group>"; };
		DD6093F621CE3A3900C602C6 /* DSDPlayPopover.h */ = {isa = PBXFileReference; lastKnownFileType = sourcecode.c.h; path = DSDPlayPopover.h; sourceTree = "<group>"; };
		DD6093F721CE3A3900C602C6 /* DSDPlayPopover.m */ = {isa = PBXFileReference; lastKnownFileType = sourcecode.c.objc; path = DSDPlayPopover.m; sourceTree = "<group>"; };
		DD6093F921CE3A4600C602C6 /* DSDPlayPopover.xib */ = {isa = PBXFileReference; lastKnownFileType = file.xib; path = DSDPlayPopover.xib; sourceTree = "<group>"; };
		DD83F16A21D9BEB900490E22 /* 问题反馈.rtf */ = {isa = PBXFileReference; fileEncoding = 4; lastKnownFileType = text.rtf; path = "问题反馈.rtf"; sourceTree = "<group>"; };
		DDAA818821C6093B00AE95C9 /* DSDShaderModel.h */ = {isa = PBXFileReference; lastKnownFileType = sourcecode.c.h; path = DSDShaderModel.h; sourceTree = "<group>"; };
		DDAA818921C6093B00AE95C9 /* DSDShaderModel.m */ = {isa = PBXFileReference; lastKnownFileType = sourcecode.c.objc; path = DSDShaderModel.m; sourceTree = "<group>"; };
		DDAA818C21C6115B00AE95C9 /* DSDPlayManager.h */ = {isa = PBXFileReference; lastKnownFileType = sourcecode.c.h; path = DSDPlayManager.h; sourceTree = "<group>"; };
		DDAA818D21C6115B00AE95C9 /* DSDPlayManager.m */ = {isa = PBXFileReference; lastKnownFileType = sourcecode.c.objc; path = DSDPlayManager.m; sourceTree = "<group>"; };
		DDAA819121C62CD300AE95C9 /* WZBCountDownButton.m */ = {isa = PBXFileReference; fileEncoding = 4; lastKnownFileType = sourcecode.c.objc; path = WZBCountDownButton.m; sourceTree = "<group>"; };
		DDAA819221C62CD300AE95C9 /* WZBCountDownButton.h */ = {isa = PBXFileReference; fileEncoding = 4; lastKnownFileType = sourcecode.c.h; path = WZBCountDownButton.h; sourceTree = "<group>"; };
		DDAA819821C697E900AE95C9 /* DSDCSVModel.h */ = {isa = PBXFileReference; lastKnownFileType = sourcecode.c.h; path = DSDCSVModel.h; sourceTree = "<group>"; };
		DDAA819921C697E900AE95C9 /* DSDCSVModel.m */ = {isa = PBXFileReference; lastKnownFileType = sourcecode.c.objc; path = DSDCSVModel.m; sourceTree = "<group>"; };
		DDAA819C21C6984B00AE95C9 /* DSDDisplayModel.h */ = {isa = PBXFileReference; lastKnownFileType = sourcecode.c.h; path = DSDDisplayModel.h; sourceTree = "<group>"; };
		DDAA819D21C6984B00AE95C9 /* DSDDisplayModel.m */ = {isa = PBXFileReference; lastKnownFileType = sourcecode.c.objc; path = DSDDisplayModel.m; sourceTree = "<group>"; };
		DDCF583121D11566001B45D0 /* DSDLeftMusicCell.h */ = {isa = PBXFileReference; lastKnownFileType = sourcecode.c.h; path = DSDLeftMusicCell.h; sourceTree = "<group>"; };
		DDCF583221D11566001B45D0 /* DSDLeftMusicCell.m */ = {isa = PBXFileReference; lastKnownFileType = sourcecode.c.objc; path = DSDLeftMusicCell.m; sourceTree = "<group>"; };
		DDCF583521D11609001B45D0 /* DSDLeftMusicModel.h */ = {isa = PBXFileReference; lastKnownFileType = sourcecode.c.h; path = DSDLeftMusicModel.h; sourceTree = "<group>"; };
		DDCF583621D11609001B45D0 /* DSDLeftMusicModel.m */ = {isa = PBXFileReference; lastKnownFileType = sourcecode.c.objc; path = DSDLeftMusicModel.m; sourceTree = "<group>"; };
		DDCF583821D116DD001B45D0 /* DSDLeftMusicFooter.h */ = {isa = PBXFileReference; lastKnownFileType = sourcecode.c.h; path = DSDLeftMusicFooter.h; sourceTree = "<group>"; };
		DDCF583921D116DD001B45D0 /* DSDLeftMusicFooter.m */ = {isa = PBXFileReference; lastKnownFileType = sourcecode.c.objc; path = DSDLeftMusicFooter.m; sourceTree = "<group>"; };
		DDCF583B21D1197D001B45D0 /* DSDLeftMusicSectionModel.h */ = {isa = PBXFileReference; lastKnownFileType = sourcecode.c.h; path = DSDLeftMusicSectionModel.h; sourceTree = "<group>"; };
		DDCF583C21D1197D001B45D0 /* DSDLeftMusicSectionModel.m */ = {isa = PBXFileReference; lastKnownFileType = sourcecode.c.objc; path = DSDLeftMusicSectionModel.m; sourceTree = "<group>"; };
		DDCF583E21D11B3C001B45D0 /* DSDLeftMusicHeader.h */ = {isa = PBXFileReference; lastKnownFileType = sourcecode.c.h; path = DSDLeftMusicHeader.h; sourceTree = "<group>"; };
		DDCF583F21D11B3C001B45D0 /* DSDLeftMusicHeader.m */ = {isa = PBXFileReference; lastKnownFileType = sourcecode.c.objc; path = DSDLeftMusicHeader.m; sourceTree = "<group>"; };
		DDCF584221D12D78001B45D0 /* DSDRightMusicNormalCell.h */ = {isa = PBXFileReference; lastKnownFileType = sourcecode.c.h; path = DSDRightMusicNormalCell.h; sourceTree = "<group>"; };
		DDCF584321D12D78001B45D0 /* DSDRightMusicNormalCell.m */ = {isa = PBXFileReference; lastKnownFileType = sourcecode.c.objc; path = DSDRightMusicNormalCell.m; sourceTree = "<group>"; };
		DDCF584621D13471001B45D0 /* DSDLeftUserCell.h */ = {isa = PBXFileReference; lastKnownFileType = sourcecode.c.h; path = DSDLeftUserCell.h; sourceTree = "<group>"; };
		DDCF584721D13471001B45D0 /* DSDLeftUserCell.m */ = {isa = PBXFileReference; lastKnownFileType = sourcecode.c.objc; path = DSDLeftUserCell.m; sourceTree = "<group>"; };
		DDCF584A21D134E8001B45D0 /* DSDLeftUserModel.h */ = {isa = PBXFileReference; lastKnownFileType = sourcecode.c.h; path = DSDLeftUserModel.h; sourceTree = "<group>"; };
		DDCF584B21D134E8001B45D0 /* DSDLeftUserModel.m */ = {isa = PBXFileReference; lastKnownFileType = sourcecode.c.objc; path = DSDLeftUserModel.m; sourceTree = "<group>"; };
		DDE47F8C21D9EE670017A95E /* DSDPlayMacro.h */ = {isa = PBXFileReference; lastKnownFileType = sourcecode.c.h; path = DSDPlayMacro.h; sourceTree = "<group>"; };
		DDFA7A0921D0B97500DB64EE /* Main.storyboard */ = {isa = PBXFileReference; lastKnownFileType = file.storyboard; path = Main.storyboard; sourceTree = "<group>"; };
		DDFA7A0C21D0D2FB00DB64EE /* DSDMainController.h */ = {isa = PBXFileReference; lastKnownFileType = sourcecode.c.h; path = DSDMainController.h; sourceTree = "<group>"; };
		DDFA7A0D21D0D2FB00DB64EE /* DSDMainController.m */ = {isa = PBXFileReference; lastKnownFileType = sourcecode.c.objc; path = DSDMainController.m; sourceTree = "<group>"; };
		DDFA7A1921D0DCA400DB64EE /* DSDLeftMusicVC.h */ = {isa = PBXFileReference; lastKnownFileType = sourcecode.c.h; path = DSDLeftMusicVC.h; sourceTree = "<group>"; };
		DDFA7A1A21D0DCA400DB64EE /* DSDLeftMusicVC.m */ = {isa = PBXFileReference; lastKnownFileType = sourcecode.c.objc; path = DSDLeftMusicVC.m; sourceTree = "<group>"; };
		DDFA7A1C21D0DCB700DB64EE /* DSDLeftUserVC.h */ = {isa = PBXFileReference; lastKnownFileType = sourcecode.c.h; path = DSDLeftUserVC.h; sourceTree = "<group>"; };
		DDFA7A1D21D0DCB700DB64EE /* DSDLeftUserVC.m */ = {isa = PBXFileReference; lastKnownFileType = sourcecode.c.objc; path = DSDLeftUserVC.m; sourceTree = "<group>"; };
		DDFA7A1F21D0DCD100DB64EE /* DSDRightLoginVC.h */ = {isa = PBXFileReference; lastKnownFileType = sourcecode.c.h; path = DSDRightLoginVC.h; sourceTree = "<group>"; };
		DDFA7A2021D0DCD100DB64EE /* DSDRightLoginVC.m */ = {isa = PBXFileReference; lastKnownFileType = sourcecode.c.objc; path = DSDRightLoginVC.m; sourceTree = "<group>"; };
		DDFA7A2221D0DCEC00DB64EE /* DSDRightBuyRecordVC.h */ = {isa = PBXFileReference; lastKnownFileType = sourcecode.c.h; path = DSDRightBuyRecordVC.h; sourceTree = "<group>"; };
		DDFA7A2321D0DCEC00DB64EE /* DSDRightBuyRecordVC.m */ = {isa = PBXFileReference; lastKnownFileType = sourcecode.c.objc; path = DSDRightBuyRecordVC.m; sourceTree = "<group>"; };
		DDFA7A2521D0DD0C00DB64EE /* DSDRightSettingVC.h */ = {isa = PBXFileReference; lastKnownFileType = sourcecode.c.h; path = DSDRightSettingVC.h; sourceTree = "<group>"; };
		DDFA7A2621D0DD0C00DB64EE /* DSDRightSettingVC.m */ = {isa = PBXFileReference; lastKnownFileType = sourcecode.c.objc; path = DSDRightSettingVC.m; sourceTree = "<group>"; };
		DDFA7A2821D0DD3500DB64EE /* DSDRightRecmmendVC.h */ = {isa = PBXFileReference; lastKnownFileType = sourcecode.c.h; path = DSDRightRecmmendVC.h; sourceTree = "<group>"; };
		DDFA7A2921D0DD3500DB64EE /* DSDRightRecmmendVC.m */ = {isa = PBXFileReference; lastKnownFileType = sourcecode.c.objc; path = DSDRightRecmmendVC.m; sourceTree = "<group>"; };
		DDFA7A2B21D0DD4B00DB64EE /* DSDRightFeedbackVC.h */ = {isa = PBXFileReference; lastKnownFileType = sourcecode.c.h; path = DSDRightFeedbackVC.h; sourceTree = "<group>"; };
		DDFA7A2C21D0DD4B00DB64EE /* DSDRightFeedbackVC.m */ = {isa = PBXFileReference; lastKnownFileType = sourcecode.c.objc; path = DSDRightFeedbackVC.m; sourceTree = "<group>"; };
		DDFA7A3521D0DE7200DB64EE /* DSDRightMusicVC.h */ = {isa = PBXFileReference; lastKnownFileType = sourcecode.c.h; path = DSDRightMusicVC.h; sourceTree = "<group>"; };
		DDFA7A3621D0DE7200DB64EE /* DSDRightMusicVC.m */ = {isa = PBXFileReference; lastKnownFileType = sourcecode.c.objc; path = DSDRightMusicVC.m; sourceTree = "<group>"; };
/* End PBXFileReference section */

/* Begin PBXFrameworksBuildPhase section */
		558EF00D16A942F1000ECFAA /* Frameworks */ = {
			isa = PBXFrameworksBuildPhase;
			buildActionMask = 2147483647;
			files = (
				551C8FC019DE774900F51101 /* libz.dylib in Frameworks */,
				554D7DFA16AEA3F500563926 /* QuartzCore.framework in Frameworks */,
				558EF01516A942F1000ECFAA /* UIKit.framework in Frameworks */,
				558EF01716A942F1000ECFAA /* Foundation.framework in Frameworks */,
				558EF01916A942F1000ECFAA /* CoreGraphics.framework in Frameworks */,
				CC05523F42479E725FCFD95D /* libPods-DSDDemo.a in Frameworks */,
			);
			runOnlyForDeploymentPostprocessing = 0;
		};
/* End PBXFrameworksBuildPhase section */

/* Begin PBXGroup section */
		551C8FA319DE76E800F51101 /* minizip */ = {
			isa = PBXGroup;
			children = (
				551C8FA419DE76E800F51101 /* crypt.h */,
				551C8FA519DE76E800F51101 /* ioapi.c */,
				551C8FA619DE76E800F51101 /* ioapi.h */,
				551C8FA719DE76E800F51101 /* mztools.c */,
				551C8FA819DE76E800F51101 /* mztools.h */,
				551C8FA919DE76E800F51101 /* unzip.c */,
				551C8FAA19DE76E800F51101 /* unzip.h */,
				551C8FAB19DE76E800F51101 /* zip.c */,
				551C8FAC19DE76E800F51101 /* zip.h */,
			);
			path = minizip;
			sourceTree = "<group>";
		};
		558EF00516A942F1000ECFAA = {
			isa = PBXGroup;
			children = (
				DD83F16A21D9BEB900490E22 /* 问题反馈.rtf */,
				DD4E98BA21DB4D9E00CDF4BF /* expression.csv */,
				554D7DF916AEA3F500563926 /* QuartzCore.framework */,
				558EF01A16A942F1000ECFAA /* DSDDemo */,
				558EF01316A942F1000ECFAA /* Frameworks */,
				558EF01116A942F1000ECFAA /* Products */,
				A988D7B784847F9BE930059D /* Pods */,
			);
			sourceTree = "<group>";
		};
		558EF01116A942F1000ECFAA /* Products */ = {
			isa = PBXGroup;
			children = (
				558EF01016A942F1000ECFAA /* DSDDemo.app */,
			);
			name = Products;
			sourceTree = "<group>";
		};
		558EF01316A942F1000ECFAA /* Frameworks */ = {
			isa = PBXGroup;
			children = (
				551C8FBE19DE770E00F51101 /* libz.dylib */,
				558EF01416A942F1000ECFAA /* UIKit.framework */,
				558EF01616A942F1000ECFAA /* Foundation.framework */,
				558EF01816A942F1000ECFAA /* CoreGraphics.framework */,
				2A5E3EBB8955B17CE5ABA263 /* libPods-DSDDemo.a */,
			);
			name = Frameworks;
			sourceTree = "<group>";
		};
		558EF01A16A942F1000ECFAA /* DSDDemo */ = {
			isa = PBXGroup;
			children = (
				551C8FB919DE76F300F51101 /* SSZipArchive.h */,
				551C8FBA19DE76F300F51101 /* SSZipArchive.m */,
				DDAA818F21C62CBD00AE95C9 /* Third */,
				551C8FA319DE76E800F51101 /* minizip */,
				55F64EB1191A017E00171E16 /* Shape */,
				55D9952F18562CEC00D85514 /* Parser */,
				558EF02316A942F1000ECFAA /* AppDelegate.h */,
				558EF02416A942F1000ECFAA /* AppDelegate.m */,
				DDFA7A0B21D0D2DF00DB64EE /* MainController */,
				DD6093EB21CE026A00C602C6 /* PlayController */,
				558EF02C16A942F1000ECFAA /* MainStoryboard.storyboard */,
				DDFA7A0921D0B97500DB64EE /* Main.storyboard */,
				55FA4CD81C33B20900B4465B /* Storyboard_Pro.storyboard */,
				55CF61861982305700444992 /* ModeSelectionViewController.h */,
				55CF61871982305700444992 /* ModeSelectionViewController.m */,
				DD6093F421CE064500C602C6 /* Assets.xcassets */,
				558EF01B16A942F1000ECFAA /* Supporting Files */,
				558EF03E16A94A8B000ECFAA /* Constant.h */,
				558EF03F16A94A8B000ECFAA /* Constant.m */,
				55EC41E11B8F132C00274E39 /* NSData+JSON.h */,
				55EC41E21B8F132C00274E39 /* NSData+JSON.m */,
			);
			path = DSDDemo;
			sourceTree = "<group>";
		};
		558EF01B16A942F1000ECFAA /* Supporting Files */ = {
			isa = PBXGroup;
			children = (
				55A2EC4F1F18AA1C00484924 /* f_clef.png */,
				55A2EC501F18AA1C00484924 /* g_clef.png */,
				5558B763179E9AE100E2E393 /* box_4col_value.png */,
				5558B764179E9AE100E2E393 /* btn_down2.png */,
				5558B765179E9AE100E2E393 /* btn_option.png */,
				5558B766179E9AE200E2E393 /* btn_save.png */,
				5558B767179E9AE200E2E393 /* btn_up2.png */,
				5558B768179E9AE200E2E393 /* btn_value_menu.png */,
				5558B769179E9AE200E2E393 /* box_value_input.png */,
				5558B76A179E9AE200E2E393 /* btn_save@2x.png */,
				5558B76B179E9AE300E2E393 /* box_value_input@2x.png */,
				5558B76C179E9AE300E2E393 /* btn_down2@2x.png */,
				5558B76D179E9AE300E2E393 /* btn_up2@2x.png */,
				5558B76E179E9AE400E2E393 /* btn_option@2x.png */,
				5558B76F179E9AE400E2E393 /* box_4col_value@2x.png */,
				5558B770179E9AE500E2E393 /* btn_value_menu@2x.png */,
				554AFB9816F702BF001C5CBB /* box_number.png */,
				554AFB9916F702BF001C5CBB /* box_number@2x.png */,
				554AFB9A16F702BF001C5CBB /* btn_confirm.png */,
				554AFB9B16F702BF001C5CBB /* btn_confirm@2x.png */,
				554AFB9C16F702BF001C5CBB /* btn_list.png */,
				554AFB9D16F702BF001C5CBB /* btn_list@2x.png */,
				554AFB9E16F702BF001C5CBB /* menu_bg.png */,
				554AFB9F16F702BF001C5CBB /* menu_bg@2x.png */,
				554AFBA016F702BF001C5CBB /* separator.png */,
				554AFBA116F702BF001C5CBB /* separator@2x.png */,
				554AFB8C16F6EA20001C5CBB /* icon_clock.png */,
				554AFB8D16F6EA20001C5CBB /* icon_clock@2x.png */,
				554AFB8E16F6EA20001C5CBB /* icon_light.png */,
				554AFB8F16F6EA20001C5CBB /* icon_light@2x.png */,
				554AFB9016F6EA20001C5CBB /* icon_view.png */,
				554AFB9116F6EA20001C5CBB /* icon_view@2x.png */,
				554AFB6816F6E881001C5CBB /* 00_title2x.png */,
				554AFB6916F6E881001C5CBB /* 00_title2x@2x.png */,
				554AFB6C16F6E8AF001C5CBB /* bg_line2.png */,
				554AFB6D16F6E8AF001C5CBB /* bg_line2@2x.png */,
				554AFB6E16F6E8AF001C5CBB /* bg_line3.png */,
				554AFB6F16F6E8AF001C5CBB /* bg_line3@2x.png */,
				554AFB7416F6E8CD001C5CBB /* btn_back.png */,
				554AFB7516F6E8CD001C5CBB /* btn_back@2x.png */,
				554AFB7616F6E8CD001C5CBB /* btn_down.png */,
				554AFB7716F6E8CD001C5CBB /* btn_down@2x.png */,
				554AFB7816F6E8CD001C5CBB /* btn_light_select.png */,
				554AFB7916F6E8CD001C5CBB /* btn_light_select@2x.png */,
				554AFB7A16F6E8CD001C5CBB /* btn_pause.png */,
				554AFB7B16F6E8CD001C5CBB /* btn_pause@2x.png */,
				554AFB7C16F6E8CD001C5CBB /* btn_play.png */,
				554AFB7D16F6E8CD001C5CBB /* btn_play@2x.png */,
				554AFB7E16F6E8CD001C5CBB /* btn_up.png */,
				554AFB7F16F6E8CD001C5CBB /* btn_up@2x.png */,
				558EF01C16A942F1000ECFAA /* DSDDemo-Info.plist */,
				558EF01D16A942F1000ECFAA /* InfoPlist.strings */,
				558EF02016A942F1000ECFAA /* main.m */,
				558EF02216A942F1000ECFAA /* DSDDemo-Prefix.pch */,
				55AE4FE316E9B2C5007D3C2F /* lower_triangle.png */,
				55AE4FE416E9B2C5007D3C2F /* lower_triangle@2x.png */,
				55AE4FE516E9B2C5007D3C2F /* upper_triangle.png */,
				55AE4FE616E9B2C5007D3C2F /* upper_triangle@2x.png */,
				554D7DDF16AE559600563926 /* dsd_horizon_line.png */,
				554D7DE016AE559600563926 /* dsd_horizon_line@2x.png */,
				558EF02616A942F1000ECFAA /* Default.png */,
				558EF02816A942F1000ECFAA /* Default@2x.png */,
				558EF02A16A942F1000ECFAA /* Default-568h@2x.png */,
				55A967EC16F1AB9600772054 /* dsd_vertical_line.png */,
				55A967ED16F1AB9600772054 /* dsd_vertical_line@2x.png */,
				55D6DA5219B60D8200BDD855 /* med_violin.csv */,
				55D6DA5619B60DDF00BDD855 /* med_piano.csv */,
				5586338E19C817A700999756 /* sly_demo3.csv */,
			);
			name = "Supporting Files";
			sourceTree = "<group>";
		};
		55D9952F18562CEC00D85514 /* Parser */ = {
			isa = PBXGroup;
			children = (
				55D9953018562CEC00D85514 /* CSVParser.h */,
				55D9953118562CEC00D85514 /* CSVParser.m */,
			);
			path = Parser;
			sourceTree = "<group>";
		};
		55F64EB1191A017E00171E16 /* Shape */ = {
			isa = PBXGroup;
			children = (
				55F64EB2191A018E00171E16 /* DottedLine.h */,
				55F64EB3191A018E00171E16 /* DottedLine.m */,
				55B7EEF0187138A600FDA3C4 /* UIView+Roundify.h */,
				55B7EEF1187138AD00FDA3C4 /* UIView+Roundify.m */,
				559D4C6E19A3563B0072DF93 /* Tempo.h */,
				559D4C6F19A3563B0072DF93 /* Tempo.m */,
				5578A3DA1C7307BA00D61096 /* TriangleView.h */,
				5578A3DB1C7307BA00D61096 /* TriangleView.m */,
				551AA5D31F3187CC00AEC419 /* NShape.h */,
				551AA5D41F3187CC00AEC419 /* NShape.m */,
			);
			name = Shape;
			sourceTree = "<group>";
		};
		A988D7B784847F9BE930059D /* Pods */ = {
			isa = PBXGroup;
			children = (
				BEFC31FA7D829B32CFB336C3 /* Pods-DSDDemo.debug.xcconfig */,
				6A41EC55E8B782CADDF340F3 /* Pods-DSDDemo.release.xcconfig */,
			);
			name = Pods;
			sourceTree = "<group>";
		};
		DD6093EB21CE026A00C602C6 /* PlayController */ = {
			isa = PBXGroup;
			children = (
				558EF02F16A942F1000ECFAA /* ViewController.h */,
				558EF03016A942F2000ECFAA /* ViewController.m */,
				DDE47F8C21D9EE670017A95E /* DSDPlayMacro.h */,
				DD6093EC21CE02A100C602C6 /* View */,
				DDAA818B21C6114700AE95C9 /* PlayManager */,
				DDAA818621C6090100AE95C9 /* Model */,
			);
			path = PlayController;
			sourceTree = "<group>";
		};
		DD6093EC21CE02A100C602C6 /* View */ = {
			isa = PBXGroup;
			children = (
				DD6093ED21CE02F800C602C6 /* DSDPlayTopBar.h */,
				DD6093EE21CE02F800C602C6 /* DSDPlayTopBar.m */,
				DD6093F221CE032B00C602C6 /* DSDPlayTopBar.xib */,
				DD6093F621CE3A3900C602C6 /* DSDPlayPopover.h */,
				DD6093F721CE3A3900C602C6 /* DSDPlayPopover.m */,
				DD6093F921CE3A4600C602C6 /* DSDPlayPopover.xib */,
			);
			path = View;
			sourceTree = "<group>";
		};
		DD62424521E3035D00C77C59 /* Api */ = {
			isa = PBXGroup;
			children = (
			);
			path = Api;
			sourceTree = "<group>";
		};
		DD62424621E3036900C77C59 /* Model */ = {
			isa = PBXGroup;
			children = (
			);
			path = Model;
			sourceTree = "<group>";
		};
		DD62424721E3037C00C77C59 /* Api */ = {
			isa = PBXGroup;
			children = (
			);
			path = Api;
			sourceTree = "<group>";
		};
		DD62424821E3038B00C77C59 /* Model */ = {
			isa = PBXGroup;
			children = (
			);
			path = Model;
			sourceTree = "<group>";
		};
		DD62424921E3039000C77C59 /* View */ = {
			isa = PBXGroup;
			children = (
			);
			path = View;
			sourceTree = "<group>";
		};
		DD62424A21E3039F00C77C59 /* View */ = {
			isa = PBXGroup;
			children = (
			);
			path = View;
			sourceTree = "<group>";
		};
		DD62424B21E303A400C77C59 /* Model */ = {
			isa = PBXGroup;
			children = (
			);
			path = Model;
			sourceTree = "<group>";
		};
		DD62424C21E303AA00C77C59 /* Api */ = {
			isa = PBXGroup;
			children = (
			);
			path = Api;
			sourceTree = "<group>";
		};
		DD62424D21E303B800C77C59 /* View */ = {
			isa = PBXGroup;
			children = (
			);
			path = View;
			sourceTree = "<group>";
		};
		DD62424E21E303BD00C77C59 /* Model */ = {
			isa = PBXGroup;
			children = (
			);
			path = Model;
			sourceTree = "<group>";
		};
		DD62424F21E303C300C77C59 /* Api */ = {
			isa = PBXGroup;
			children = (
			);
			path = Api;
			sourceTree = "<group>";
		};
		DD62425021E303CA00C77C59 /* View */ = {
			isa = PBXGroup;
			children = (
			);
			path = View;
			sourceTree = "<group>";
		};
		DD62425121E303D500C77C59 /* Model */ = {
			isa = PBXGroup;
			children = (
			);
			path = Model;
			sourceTree = "<group>";
		};
		DD62425221E303D900C77C59 /* Api */ = {
			isa = PBXGroup;
			children = (
			);
			path = Api;
			sourceTree = "<group>";
		};
		DD62425321E303E300C77C59 /* View */ = {
			isa = PBXGroup;
			children = (
			);
			path = View;
			sourceTree = "<group>";
		};
		DD62425421E303E900C77C59 /* Model */ = {
			isa = PBXGroup;
			children = (
			);
			path = Model;
			sourceTree = "<group>";
		};
		DD62425521E303EE00C77C59 /* Api */ = {
			isa = PBXGroup;
			children = (
			);
			path = Api;
			sourceTree = "<group>";
		};
		DDAA818621C6090100AE95C9 /* Model */ = {
			isa = PBXGroup;
			children = (
				DDAA819821C697E900AE95C9 /* DSDCSVModel.h */,
				DDAA819921C697E900AE95C9 /* DSDCSVModel.m */,
				DDAA818721C6090F00AE95C9 /* ShaderModel */,
				DDAA819B21C6982600AE95C9 /* DisplayModel */,
			);
			path = Model;
			sourceTree = "<group>";
		};
		DDAA818721C6090F00AE95C9 /* ShaderModel */ = {
			isa = PBXGroup;
			children = (
				DDAA818821C6093B00AE95C9 /* DSDShaderModel.h */,
				DDAA818921C6093B00AE95C9 /* DSDShaderModel.m */,
			);
			path = ShaderModel;
			sourceTree = "<group>";
		};
		DDAA818B21C6114700AE95C9 /* PlayManager */ = {
			isa = PBXGroup;
			children = (
				DDAA818C21C6115B00AE95C9 /* DSDPlayManager.h */,
				DDAA818D21C6115B00AE95C9 /* DSDPlayManager.m */,
			);
			path = PlayManager;
			sourceTree = "<group>";
		};
		DDAA818F21C62CBD00AE95C9 /* Third */ = {
			isa = PBXGroup;
			children = (
				DDAA819021C62CD300AE95C9 /* WZBCountdownLabel */,
			);
			path = Third;
			sourceTree = "<group>";
		};
		DDAA819021C62CD300AE95C9 /* WZBCountdownLabel */ = {
			isa = PBXGroup;
			children = (
				DDAA819221C62CD300AE95C9 /* WZBCountDownButton.h */,
				DDAA819121C62CD300AE95C9 /* WZBCountDownButton.m */,
			);
			path = WZBCountdownLabel;
			sourceTree = "<group>";
		};
		DDAA819B21C6982600AE95C9 /* DisplayModel */ = {
			isa = PBXGroup;
			children = (
				DDAA819C21C6984B00AE95C9 /* DSDDisplayModel.h */,
				DDAA819D21C6984B00AE95C9 /* DSDDisplayModel.m */,
			);
			path = DisplayModel;
			sourceTree = "<group>";
		};
		DDCF583021D11543001B45D0 /* view */ = {
			isa = PBXGroup;
			children = (
				DDCF583121D11566001B45D0 /* DSDLeftMusicCell.h */,
				DDCF583221D11566001B45D0 /* DSDLeftMusicCell.m */,
				DDCF583821D116DD001B45D0 /* DSDLeftMusicFooter.h */,
				DDCF583921D116DD001B45D0 /* DSDLeftMusicFooter.m */,
				DDCF583E21D11B3C001B45D0 /* DSDLeftMusicHeader.h */,
				DDCF583F21D11B3C001B45D0 /* DSDLeftMusicHeader.m */,
			);
			path = view;
			sourceTree = "<group>";
		};
		DDCF583421D115F2001B45D0 /* Model */ = {
			isa = PBXGroup;
			children = (
				DDCF583521D11609001B45D0 /* DSDLeftMusicModel.h */,
				DDCF583621D11609001B45D0 /* DSDLeftMusicModel.m */,
				DDCF583B21D1197D001B45D0 /* DSDLeftMusicSectionModel.h */,
				DDCF583C21D1197D001B45D0 /* DSDLeftMusicSectionModel.m */,
			);
			path = Model;
			sourceTree = "<group>";
		};
		DDCF584121D12D57001B45D0 /* view */ = {
			isa = PBXGroup;
			children = (
				DDCF584221D12D78001B45D0 /* DSDRightMusicNormalCell.h */,
				DDCF584321D12D78001B45D0 /* DSDRightMusicNormalCell.m */,
			);
			path = view;
			sourceTree = "<group>";
		};
		DDCF584521D13462001B45D0 /* view */ = {
			isa = PBXGroup;
			children = (
				DDCF584621D13471001B45D0 /* DSDLeftUserCell.h */,
				DDCF584721D13471001B45D0 /* DSDLeftUserCell.m */,
			);
			path = view;
			sourceTree = "<group>";
		};
		DDCF584921D134D6001B45D0 /* Model */ = {
			isa = PBXGroup;
			children = (
				DDCF584A21D134E8001B45D0 /* DSDLeftUserModel.h */,
				DDCF584B21D134E8001B45D0 /* DSDLeftUserModel.m */,
			);
			path = Model;
			sourceTree = "<group>";
		};
		DDFA7A0B21D0D2DF00DB64EE /* MainController */ = {
			isa = PBXGroup;
			children = (
				DDFA7A0C21D0D2FB00DB64EE /* DSDMainController.h */,
				DDFA7A0D21D0D2FB00DB64EE /* DSDMainController.m */,
				DDFA7A0F21D0DBE800DB64EE /* SubController */,
			);
			path = MainController;
			sourceTree = "<group>";
		};
		DDFA7A0F21D0DBE800DB64EE /* SubController */ = {
			isa = PBXGroup;
			children = (
				DDFA7A2F21D0DD8900DB64EE /* Left */,
				DDFA7A3021D0DDA300DB64EE /* Right */,
			);
			path = SubController;
			sourceTree = "<group>";
		};
		DDFA7A1321D0DC2500DB64EE /* 我的乐曲 */ = {
			isa = PBXGroup;
			children = (
				DDFA7A1921D0DCA400DB64EE /* DSDLeftMusicVC.h */,
				DDFA7A1A21D0DCA400DB64EE /* DSDLeftMusicVC.m */,
				DDCF583421D115F2001B45D0 /* Model */,
				DDCF583021D11543001B45D0 /* view */,
			);
			path = "我的乐曲";
			sourceTree = "<group>";
		};
		DDFA7A1421D0DC3C00DB64EE /* 个人中心 */ = {
			isa = PBXGroup;
			children = (
				DDFA7A1C21D0DCB700DB64EE /* DSDLeftUserVC.h */,
				DDFA7A1D21D0DCB700DB64EE /* DSDLeftUserVC.m */,
				DDCF584921D134D6001B45D0 /* Model */,
				DDCF584521D13462001B45D0 /* view */,
			);
			path = "个人中心";
			sourceTree = "<group>";
		};
		DDFA7A2E21D0DD4F00DB64EE /* 登录系统 */ = {
			isa = PBXGroup;
			children = (
				DDFA7A1F21D0DCD100DB64EE /* DSDRightLoginVC.h */,
				DDFA7A2021D0DCD100DB64EE /* DSDRightLoginVC.m */,
				DD62424921E3039000C77C59 /* View */,
				DD62424821E3038B00C77C59 /* Model */,
				DD62424721E3037C00C77C59 /* Api */,
			);
			path = "登录系统";
			sourceTree = "<group>";
		};
		DDFA7A2F21D0DD8900DB64EE /* Left */ = {
			isa = PBXGroup;
			children = (
				DDFA7A1321D0DC2500DB64EE /* 我的乐曲 */,
				DDFA7A1421D0DC3C00DB64EE /* 个人中心 */,
			);
			path = Left;
			sourceTree = "<group>";
		};
		DDFA7A3021D0DDA300DB64EE /* Right */ = {
			isa = PBXGroup;
			children = (
				DDFA7A3821D0DE7900DB64EE /* 我的乐曲_乐曲列表 */,
				DDFA7A2E21D0DD4F00DB64EE /* 登录系统 */,
				DDFA7A3121D0DDC400DB64EE /* 购买记录 */,
				DDFA7A3221D0DDD400DB64EE /* 系统设置 */,
				DDFA7A3321D0DDE200DB64EE /* 推荐朋友 */,
				DDFA7A3421D0DDEE00DB64EE /* 意见反馈 */,
			);
			path = Right;
			sourceTree = "<group>";
		};
		DDFA7A3121D0DDC400DB64EE /* 购买记录 */ = {
			isa = PBXGroup;
			children = (
				DDFA7A2221D0DCEC00DB64EE /* DSDRightBuyRecordVC.h */,
				DDFA7A2321D0DCEC00DB64EE /* DSDRightBuyRecordVC.m */,
				DD62424C21E303AA00C77C59 /* Api */,
				DD62424B21E303A400C77C59 /* Model */,
				DD62424A21E3039F00C77C59 /* View */,
			);
			path = "购买记录";
			sourceTree = "<group>";
		};
		DDFA7A3221D0DDD400DB64EE /* 系统设置 */ = {
			isa = PBXGroup;
			children = (
				DDFA7A2521D0DD0C00DB64EE /* DSDRightSettingVC.h */,
				DDFA7A2621D0DD0C00DB64EE /* DSDRightSettingVC.m */,
				DD62424F21E303C300C77C59 /* Api */,
				DD62424E21E303BD00C77C59 /* Model */,
				DD62424D21E303B800C77C59 /* View */,
			);
			path = "系统设置";
			sourceTree = "<group>";
		};
		DDFA7A3321D0DDE200DB64EE /* 推荐朋友 */ = {
			isa = PBXGroup;
			children = (
				DDFA7A2821D0DD3500DB64EE /* DSDRightRecmmendVC.h */,
				DDFA7A2921D0DD3500DB64EE /* DSDRightRecmmendVC.m */,
				DD62425221E303D900C77C59 /* Api */,
				DD62425121E303D500C77C59 /* Model */,
				DD62425021E303CA00C77C59 /* View */,
			);
			path = "推荐朋友";
			sourceTree = "<group>";
		};
		DDFA7A3421D0DDEE00DB64EE /* 意见反馈 */ = {
			isa = PBXGroup;
			children = (
				DDFA7A2B21D0DD4B00DB64EE /* DSDRightFeedbackVC.h */,
				DDFA7A2C21D0DD4B00DB64EE /* DSDRightFeedbackVC.m */,
				DD62425521E303EE00C77C59 /* Api */,
				DD62425421E303E900C77C59 /* Model */,
				DD62425321E303E300C77C59 /* View */,
			);
			path = "意见反馈";
			sourceTree = "<group>";
		};
		DDFA7A3821D0DE7900DB64EE /* 我的乐曲_乐曲列表 */ = {
			isa = PBXGroup;
			children = (
				DDFA7A3521D0DE7200DB64EE /* DSDRightMusicVC.h */,
				DDFA7A3621D0DE7200DB64EE /* DSDRightMusicVC.m */,
				DD62424621E3036900C77C59 /* Model */,
				DD62424521E3035D00C77C59 /* Api */,
				DDCF584121D12D57001B45D0 /* view */,
			);
			path = "我的乐曲_乐曲列表";
			sourceTree = "<group>";
		};
/* End PBXGroup section */

/* Begin PBXNativeTarget section */
		558EF00F16A942F1000ECFAA /* DSDDemo */ = {
			isa = PBXNativeTarget;
			buildConfigurationList = 558EF03416A942F2000ECFAA /* Build configuration list for PBXNativeTarget "DSDDemo" */;
			buildPhases = (
				C35F0DFAAFDA017188A0BFE7 /* [CP] Check Pods Manifest.lock */,
				558EF00C16A942F1000ECFAA /* Sources */,
				558EF00D16A942F1000ECFAA /* Frameworks */,
				558EF00E16A942F1000ECFAA /* Resources */,
				EE8F97B421FE66443290C54B /* [CP] Copy Pods Resources */,
			);
			buildRules = (
			);
			dependencies = (
			);
			name = DSDDemo;
			productName = DSDDemo;
			productReference = 558EF01016A942F1000ECFAA /* DSDDemo.app */;
			productType = "com.apple.product-type.application";
		};
/* End PBXNativeTarget section */

/* Begin PBXProject section */
		558EF00716A942F1000ECFAA /* Project object */ = {
			isa = PBXProject;
			attributes = {
				LastUpgradeCheck = 0450;
				ORGANIZATIONNAME = Leong;
				TargetAttributes = {
					558EF00F16A942F1000ECFAA = {
						DevelopmentTeam = 3R48RV923F;
						ProvisioningStyle = Automatic;
					};
				};
			};
			buildConfigurationList = 558EF00A16A942F1000ECFAA /* Build configuration list for PBXProject "DSDDemo" */;
			compatibilityVersion = "Xcode 3.2";
			developmentRegion = English;
			hasScannedForEncodings = 0;
			knownRegions = (
				en,
			);
			mainGroup = 558EF00516A942F1000ECFAA;
			productRefGroup = 558EF01116A942F1000ECFAA /* Products */;
			projectDirPath = "";
			projectRoot = "";
			targets = (
				558EF00F16A942F1000ECFAA /* DSDDemo */,
			);
		};
/* End PBXProject section */

/* Begin PBXResourcesBuildPhase section */
		558EF00E16A942F1000ECFAA /* Resources */ = {
			isa = PBXResourcesBuildPhase;
			buildActionMask = 2147483647;
			files = (
				DD4E98BB21DB4D9F00CDF4BF /* expression.csv in Resources */,
				558EF01F16A942F1000ECFAA /* InfoPlist.strings in Resources */,
				558EF02716A942F1000ECFAA /* Default.png in Resources */,
				558EF02916A942F1000ECFAA /* Default@2x.png in Resources */,
				558EF02B16A942F1000ECFAA /* Default-568h@2x.png in Resources */,
				DD6093F521CE064600C602C6 /* Assets.xcassets in Resources */,
				55D6DA5719B60DDF00BDD855 /* med_piano.csv in Resources */,
				DDFA7A0A21D0B97500DB64EE /* Main.storyboard in Resources */,
				558EF02E16A942F1000ECFAA /* MainStoryboard.storyboard in Resources */,
				554D7DE116AE559600563926 /* dsd_horizon_line.png in Resources */,
				554D7DE216AE559600563926 /* dsd_horizon_line@2x.png in Resources */,
				55AE4FE716E9B2C5007D3C2F /* lower_triangle.png in Resources */,
				55AE4FE816E9B2C5007D3C2F /* lower_triangle@2x.png in Resources */,
				55A2EC521F18AA1C00484924 /* g_clef.png in Resources */,
				55AE4FE916E9B2C5007D3C2F /* upper_triangle.png in Resources */,
				55AE4FEA16E9B2C5007D3C2F /* upper_triangle@2x.png in Resources */,
				55A967EE16F1AB9600772054 /* dsd_vertical_line.png in Resources */,
				55A967EF16F1AB9600772054 /* dsd_vertical_line@2x.png in Resources */,
				554AFB6A16F6E881001C5CBB /* 00_title2x.png in Resources */,
				554AFB6B16F6E881001C5CBB /* 00_title2x@2x.png in Resources */,
				554AFB7016F6E8AF001C5CBB /* bg_line2.png in Resources */,
				554AFB7116F6E8AF001C5CBB /* bg_line2@2x.png in Resources */,
				554AFB7216F6E8AF001C5CBB /* bg_line3.png in Resources */,
				554AFB7316F6E8AF001C5CBB /* bg_line3@2x.png in Resources */,
				554AFB8016F6E8CD001C5CBB /* btn_back.png in Resources */,
				554AFB8116F6E8CD001C5CBB /* btn_back@2x.png in Resources */,
				554AFB8216F6E8CD001C5CBB /* btn_down.png in Resources */,
				554AFB8316F6E8CD001C5CBB /* btn_down@2x.png in Resources */,
				554AFB8416F6E8CD001C5CBB /* btn_light_select.png in Resources */,
				554AFB8516F6E8CD001C5CBB /* btn_light_select@2x.png in Resources */,
				554AFB8616F6E8CD001C5CBB /* btn_pause.png in Resources */,
				554AFB8716F6E8CD001C5CBB /* btn_pause@2x.png in Resources */,
				554AFB8816F6E8CD001C5CBB /* btn_play.png in Resources */,
				554AFB8916F6E8CD001C5CBB /* btn_play@2x.png in Resources */,
				554AFB8A16F6E8CD001C5CBB /* btn_up.png in Resources */,
				554AFB8B16F6E8CD001C5CBB /* btn_up@2x.png in Resources */,
				554AFB9216F6EA20001C5CBB /* icon_clock.png in Resources */,
				554AFB9316F6EA20001C5CBB /* icon_clock@2x.png in Resources */,
				554AFB9416F6EA20001C5CBB /* icon_light.png in Resources */,
				554AFB9516F6EA20001C5CBB /* icon_light@2x.png in Resources */,
				554AFB9616F6EA20001C5CBB /* icon_view.png in Resources */,
				554AFB9716F6EA20001C5CBB /* icon_view@2x.png in Resources */,
				554AFBA216F702C0001C5CBB /* box_number.png in Resources */,
				554AFBA316F702C0001C5CBB /* box_number@2x.png in Resources */,
				554AFBA416F702C0001C5CBB /* btn_confirm.png in Resources */,
				554AFBA516F702C0001C5CBB /* btn_confirm@2x.png in Resources */,
				554AFBA616F702C0001C5CBB /* btn_list.png in Resources */,
				554AFBA716F702C0001C5CBB /* btn_list@2x.png in Resources */,
				554AFBA816F702C0001C5CBB /* menu_bg.png in Resources */,
				554AFBA916F702C0001C5CBB /* menu_bg@2x.png in Resources */,
				55D6DA5319B60D8200BDD855 /* med_violin.csv in Resources */,
				554AFBAA16F702C0001C5CBB /* separator.png in Resources */,
				55A2EC511F18AA1C00484924 /* f_clef.png in Resources */,
				554AFBAB16F702C0001C5CBB /* separator@2x.png in Resources */,
				DD6093F321CE032B00C602C6 /* DSDPlayTopBar.xib in Resources */,
				5558B771179E9AE500E2E393 /* box_4col_value.png in Resources */,
				5558B772179E9AE500E2E393 /* btn_down2.png in Resources */,
				5558B773179E9AE500E2E393 /* btn_option.png in Resources */,
				55FA4CD91C33B20900B4465B /* Storyboard_Pro.storyboard in Resources */,
				DD6093FA21CE3A4600C602C6 /* DSDPlayPopover.xib in Resources */,
				5558B774179E9AE500E2E393 /* btn_save.png in Resources */,
				5558B775179E9AE500E2E393 /* btn_up2.png in Resources */,
				DD83F16B21D9BEBA00490E22 /* 问题反馈.rtf in Resources */,
				5558B776179E9AE500E2E393 /* btn_value_menu.png in Resources */,
				5586338F19C817A700999756 /* sly_demo3.csv in Resources */,
				5558B777179E9AE500E2E393 /* box_value_input.png in Resources */,
				5558B778179E9AE500E2E393 /* btn_save@2x.png in Resources */,
				5558B779179E9AE500E2E393 /* box_value_input@2x.png in Resources */,
				5558B77A179E9AE500E2E393 /* btn_down2@2x.png in Resources */,
				5558B77B179E9AE500E2E393 /* btn_up2@2x.png in Resources */,
				5558B77C179E9AE500E2E393 /* btn_option@2x.png in Resources */,
				5558B77D179E9AE500E2E393 /* box_4col_value@2x.png in Resources */,
				5558B77E179E9AE500E2E393 /* btn_value_menu@2x.png in Resources */,
			);
			runOnlyForDeploymentPostprocessing = 0;
		};
/* End PBXResourcesBuildPhase section */

/* Begin PBXShellScriptBuildPhase section */
		C35F0DFAAFDA017188A0BFE7 /* [CP] Check Pods Manifest.lock */ = {
			isa = PBXShellScriptBuildPhase;
			buildActionMask = 2147483647;
			files = (
			);
			inputPaths = (
				"${PODS_PODFILE_DIR_PATH}/Podfile.lock",
				"${PODS_ROOT}/Manifest.lock",
			);
			name = "[CP] Check Pods Manifest.lock";
			outputPaths = (
				"$(DERIVED_FILE_DIR)/Pods-DSDDemo-checkManifestLockResult.txt",
			);
			runOnlyForDeploymentPostprocessing = 0;
			shellPath = /bin/sh;
			shellScript = "diff \"${PODS_PODFILE_DIR_PATH}/Podfile.lock\" \"${PODS_ROOT}/Manifest.lock\" > /dev/null\nif [ $? != 0 ] ; then\n    # print error to STDERR\n    echo \"error: The sandbox is not in sync with the Podfile.lock. Run 'pod install' or update your CocoaPods installation.\" >&2\n    exit 1\nfi\n# This output is used by Xcode 'outputs' to avoid re-running this script phase.\necho \"SUCCESS\" > \"${SCRIPT_OUTPUT_FILE_0}\"\n";
			showEnvVarsInLog = 0;
		};
		EE8F97B421FE66443290C54B /* [CP] Copy Pods Resources */ = {
			isa = PBXShellScriptBuildPhase;
			buildActionMask = 2147483647;
			files = (
			);
			inputPaths = (
				"${SRCROOT}/Pods/Target Support Files/Pods-DSDDemo/Pods-DSDDemo-resources.sh",
				"${PODS_ROOT}/IQKeyboardManager/IQKeyboardManager/Resources/IQKeyboardManager.bundle",
				"${PODS_ROOT}/MJRefresh/MJRefresh/MJRefresh.bundle",
				"${PODS_ROOT}/SVProgressHUD/SVProgressHUD/SVProgressHUD.bundle",
			);
			name = "[CP] Copy Pods Resources";
			outputPaths = (
				"${TARGET_BUILD_DIR}/${UNLOCALIZED_RESOURCES_FOLDER_PATH}/IQKeyboardManager.bundle",
				"${TARGET_BUILD_DIR}/${UNLOCALIZED_RESOURCES_FOLDER_PATH}/MJRefresh.bundle",
				"${TARGET_BUILD_DIR}/${UNLOCALIZED_RESOURCES_FOLDER_PATH}/SVProgressHUD.bundle",
			);
			runOnlyForDeploymentPostprocessing = 0;
			shellPath = /bin/sh;
			shellScript = "\"${SRCROOT}/Pods/Target Support Files/Pods-DSDDemo/Pods-DSDDemo-resources.sh\"\n";
			showEnvVarsInLog = 0;
		};
/* End PBXShellScriptBuildPhase section */

/* Begin PBXSourcesBuildPhase section */
		558EF00C16A942F1000ECFAA /* Sources */ = {
			isa = PBXSourcesBuildPhase;
			buildActionMask = 2147483647;
			files = (
				DDAA819E21C6984B00AE95C9 /* DSDDisplayModel.m in Sources */,
				DDCF584821D13471001B45D0 /* DSDLeftUserCell.m in Sources */,
				558EF02116A942F1000ECFAA /* main.m in Sources */,
				55EC41E31B8F132C00274E39 /* NSData+JSON.m in Sources */,
				55D9953218562CEC00D85514 /* CSVParser.m in Sources */,
				DDCF584421D12D78001B45D0 /* DSDRightMusicNormalCell.m in Sources */,
				DDAA819321C62CD300AE95C9 /* WZBCountDownButton.m in Sources */,
				DDCF583A21D116DD001B45D0 /* DSDLeftMusicFooter.m in Sources */,
				DDAA818E21C6115B00AE95C9 /* DSDPlayManager.m in Sources */,
				DDFA7A2D21D0DD4B00DB64EE /* DSDRightFeedbackVC.m in Sources */,
				551C8FB019DE76E800F51101 /* mztools.c in Sources */,
				DDFA7A2421D0DCEC00DB64EE /* DSDRightBuyRecordVC.m in Sources */,
				DDFA7A1B21D0DCA400DB64EE /* DSDLeftMusicVC.m in Sources */,
				DDCF584C21D134E8001B45D0 /* DSDLeftUserModel.m in Sources */,
				DD6093F821CE3A3900C602C6 /* DSDPlayPopover.m in Sources */,
				55CF61881982305700444992 /* ModeSelectionViewController.m in Sources */,
				DDAA819A21C697E900AE95C9 /* DSDCSVModel.m in Sources */,
				DDFA7A2121D0DCD100DB64EE /* DSDRightLoginVC.m in Sources */,
				DDCF584021D11B3C001B45D0 /* DSDLeftMusicHeader.m in Sources */,
				551C8FB319DE76E800F51101 /* unzip.c in Sources */,
				558EF02516A942F1000ECFAA /* AppDelegate.m in Sources */,
				55F64EB4191A018E00171E16 /* DottedLine.m in Sources */,
				DDFA7A3721D0DE7200DB64EE /* DSDRightMusicVC.m in Sources */,
				DDFA7A2A21D0DD3500DB64EE /* DSDRightRecmmendVC.m in Sources */,
				55B7EEF2187138AD00FDA3C4 /* UIView+Roundify.m in Sources */,
				DDCF583D21D1197D001B45D0 /* DSDLeftMusicSectionModel.m in Sources */,
				558EF03116A942F2000ECFAA /* ViewController.m in Sources */,
				DDFA7A1E21D0DCB700DB64EE /* DSDLeftUserVC.m in Sources */,
				DDAA818A21C6093B00AE95C9 /* DSDShaderModel.m in Sources */,
				551AA5D51F3187CC00AEC419 /* NShape.m in Sources */,
				5578A3DC1C7307BA00D61096 /* TriangleView.m in Sources */,
				DDFA7A2721D0DD0C00DB64EE /* DSDRightSettingVC.m in Sources */,
				559D4C7019A3563B0072DF93 /* Tempo.m in Sources */,
				551C8FAD19DE76E800F51101 /* ioapi.c in Sources */,
				DDCF583321D11566001B45D0 /* DSDLeftMusicCell.m in Sources */,
				DDCF583721D11609001B45D0 /* DSDLeftMusicModel.m in Sources */,
				551C8FBB19DE76F300F51101 /* SSZipArchive.m in Sources */,
				551C8FB619DE76E800F51101 /* zip.c in Sources */,
				DDFA7A0E21D0D2FB00DB64EE /* DSDMainController.m in Sources */,
				558EF04016A94A8B000ECFAA /* Constant.m in Sources */,
				DD6093EF21CE02F800C602C6 /* DSDPlayTopBar.m in Sources */,
			);
			runOnlyForDeploymentPostprocessing = 0;
		};
/* End PBXSourcesBuildPhase section */

/* Begin PBXVariantGroup section */
		558EF01D16A942F1000ECFAA /* InfoPlist.strings */ = {
			isa = PBXVariantGroup;
			children = (
				558EF01E16A942F1000ECFAA /* en */,
			);
			name = InfoPlist.strings;
			sourceTree = "<group>";
		};
		558EF02C16A942F1000ECFAA /* MainStoryboard.storyboard */ = {
			isa = PBXVariantGroup;
			children = (
				558EF02D16A942F1000ECFAA /* en */,
			);
			name = MainStoryboard.storyboard;
			sourceTree = "<group>";
		};
/* End PBXVariantGroup section */

/* Begin XCBuildConfiguration section */
		558EF03216A942F2000ECFAA /* Debug */ = {
			isa = XCBuildConfiguration;
			buildSettings = {
				ALWAYS_SEARCH_USER_PATHS = NO;
				CLANG_CXX_LANGUAGE_STANDARD = "gnu++0x";
				CLANG_CXX_LIBRARY = "libc++";
				CLANG_ENABLE_OBJC_ARC = YES;
				CLANG_WARN_EMPTY_BODY = YES;
				CLANG_WARN__DUPLICATE_METHOD_MATCH = YES;
				CODE_SIGN_IDENTITY = "iPhone Developer: CHUN HONG TO (MRA2A6MSP6)";
				"CODE_SIGN_IDENTITY[sdk=iphoneos*]" = "iPhone Developer: CHUN HONG TO (MRA2A6MSP6)";
				COPY_PHASE_STRIP = NO;
				GCC_C_LANGUAGE_STANDARD = gnu99;
				GCC_DYNAMIC_NO_PIC = NO;
				GCC_OPTIMIZATION_LEVEL = 0;
				GCC_PREPROCESSOR_DEFINITIONS = (
					"DEBUG=1",
					"$(inherited)",
				);
				GCC_SYMBOLS_PRIVATE_EXTERN = NO;
				GCC_WARN_ABOUT_RETURN_TYPE = YES;
				GCC_WARN_UNINITIALIZED_AUTOS = YES;
				GCC_WARN_UNUSED_VARIABLE = YES;
				IPHONEOS_DEPLOYMENT_TARGET = 6.0;
				ONLY_ACTIVE_ARCH = YES;
				PROVISIONING_PROFILE = "78d2b3d2-6d75-4d74-8e61-158a2f4a851f";
				"PROVISIONING_PROFILE[sdk=iphoneos*]" = "78d2b3d2-6d75-4d74-8e61-158a2f4a851f";
				SDKROOT = iphoneos;
				TARGETED_DEVICE_FAMILY = 2;
			};
			name = Debug;
		};
		558EF03316A942F2000ECFAA /* Release */ = {
			isa = XCBuildConfiguration;
			buildSettings = {
				ALWAYS_SEARCH_USER_PATHS = NO;
				CLANG_CXX_LANGUAGE_STANDARD = "gnu++0x";
				CLANG_CXX_LIBRARY = "libc++";
				CLANG_ENABLE_OBJC_ARC = YES;
				CLANG_WARN_EMPTY_BODY = YES;
				CLANG_WARN__DUPLICATE_METHOD_MATCH = YES;
				CODE_SIGN_IDENTITY = "iPhone Distribution: Nuthon IT Solutions Limited";
				"CODE_SIGN_IDENTITY[sdk=iphoneos*]" = "iPhone Distribution: Nuthon IT Solutions Limited";
				COPY_PHASE_STRIP = YES;
				GCC_C_LANGUAGE_STANDARD = gnu99;
				GCC_WARN_ABOUT_RETURN_TYPE = YES;
				GCC_WARN_UNINITIALIZED_AUTOS = YES;
				GCC_WARN_UNUSED_VARIABLE = YES;
				IPHONEOS_DEPLOYMENT_TARGET = 6.0;
				OTHER_CFLAGS = "-DNS_BLOCK_ASSERTIONS=1";
				PROVISIONING_PROFILE = "03c51aa5-01c9-4982-837b-99c63357aa3f";
				"PROVISIONING_PROFILE[sdk=iphoneos*]" = "03c51aa5-01c9-4982-837b-99c63357aa3f";
				SDKROOT = iphoneos;
				TARGETED_DEVICE_FAMILY = 2;
				VALIDATE_PRODUCT = YES;
			};
			name = Release;
		};
		558EF03516A942F2000ECFAA /* Debug */ = {
			isa = XCBuildConfiguration;
			baseConfigurationReference = BEFC31FA7D829B32CFB336C3 /* Pods-DSDDemo.debug.xcconfig */;
			buildSettings = {
				CODE_SIGN_IDENTITY = "iPhone Developer";
				"CODE_SIGN_IDENTITY[sdk=iphoneos*]" = "iPhone Developer";
				CODE_SIGN_STYLE = Automatic;
				DEVELOPMENT_TEAM = 3R48RV923F;
				GCC_PRECOMPILE_PREFIX_HEADER = YES;
				GCC_PREFIX_HEADER = "DSDDemo/DSDDemo-Prefix.pch";
				INFOPLIST_FILE = "DSDDemo/DSDDemo-Info.plist";
				IPHONEOS_DEPLOYMENT_TARGET = 9.0;
				PRODUCT_BUNDLE_IDENTIFIER = com.mem.MacaoLifeStore;
				PRODUCT_NAME = "$(TARGET_NAME)";
				PROVISIONING_PROFILE = "";
				"PROVISIONING_PROFILE[sdk=iphoneos*]" = "";
				PROVISIONING_PROFILE_SPECIFIER = "";
				TARGETED_DEVICE_FAMILY = "1,2";
				WRAPPER_EXTENSION = app;
			};
			name = Debug;
		};
		558EF03616A942F2000ECFAA /* Release */ = {
			isa = XCBuildConfiguration;
			baseConfigurationReference = 6A41EC55E8B782CADDF340F3 /* Pods-DSDDemo.release.xcconfig */;
			buildSettings = {
				CODE_SIGN_IDENTITY = "iPhone Developer";
				"CODE_SIGN_IDENTITY[sdk=iphoneos*]" = "iPhone Distribution";
				CODE_SIGN_STYLE = Automatic;
				DEVELOPMENT_TEAM = 3R48RV923F;
				GCC_PRECOMPILE_PREFIX_HEADER = YES;
				GCC_PREFIX_HEADER = "DSDDemo/DSDDemo-Prefix.pch";
				INFOPLIST_FILE = "DSDDemo/DSDDemo-Info.plist";
				IPHONEOS_DEPLOYMENT_TARGET = 9.0;
				PRODUCT_BUNDLE_IDENTIFIER = com.mem.MacaoLifeStore;
				PRODUCT_NAME = "$(TARGET_NAME)";
				PROVISIONING_PROFILE = "";
				"PROVISIONING_PROFILE[sdk=iphoneos*]" = "";
				PROVISIONING_PROFILE_SPECIFIER = "";
				TARGETED_DEVICE_FAMILY = "1,2";
				WRAPPER_EXTENSION = app;
			};
			name = Release;
		};
/* End XCBuildConfiguration section */

/* Begin XCConfigurationList section */
		558EF00A16A942F1000ECFAA /* Build configuration list for PBXProject "DSDDemo" */ = {
			isa = XCConfigurationList;
			buildConfigurations = (
				558EF03216A942F2000ECFAA /* Debug */,
				558EF03316A942F2000ECFAA /* Release */,
			);
			defaultConfigurationIsVisible = 0;
			defaultConfigurationName = Release;
		};
		558EF03416A942F2000ECFAA /* Build configuration list for PBXNativeTarget "DSDDemo" */ = {
			isa = XCConfigurationList;
			buildConfigurations = (
				558EF03516A942F2000ECFAA /* Debug */,
				558EF03616A942F2000ECFAA /* Release */,
			);
			defaultConfigurationIsVisible = 0;
			defaultConfigurationName = Release;
		};
/* End XCConfigurationList section */
	};
	rootObject = 558EF00716A942F1000ECFAA /* Project object */;
}
